<?xml version="1.0" encoding="utf-8"?>
<Project ToolsVersion="4.0" xmlns="http://schemas.microsoft.com/developer/msbuild/2003">
  <ItemGroup>
    <ClInclude Include="..\Public\Engine_Enum.h">
      <Filter>99.Headers</Filter>
    </ClInclude>
    <ClInclude Include="..\Public\Engine_Function.h">
      <Filter>99.Headers</Filter>
    </ClInclude>
    <ClInclude Include="..\Public\Engine_Macro.h">
      <Filter>99.Headers</Filter>
    </ClInclude>
    <ClInclude Include="..\Public\Engine_Struct.h">
      <Filter>99.Headers</Filter>
    </ClInclude>
    <ClInclude Include="..\Public\Engine_Typedef.h">
      <Filter>99.Headers</Filter>
    </ClInclude>
    <ClInclude Include="..\Public\Engine_Defines.h">
      <Filter>99.Headers</Filter>
    </ClInclude>
    <ClInclude Include="..\Public\Base.h">
      <Filter>98.Superclass</Filter>
    </ClInclude>
    <ClInclude Include="..\Public\Graphic_Device.h">
      <Filter>97.Device\Graphic</Filter>
    </ClInclude>
    <ClInclude Include="..\public\GameInstance.h">
      <Filter>00.GameInstance</Filter>
    </ClInclude>
    <ClInclude Include="..\public\Level_Manager.h">
      <Filter>01.Level\Manager</Filter>
    </ClInclude>
    <ClInclude Include="..\public\Level.h">
      <Filter>01.Level</Filter>
    </ClInclude>
    <ClInclude Include="..\public\GameObject.h">
      <Filter>02.GameObject</Filter>
    </ClInclude>
    <ClInclude Include="..\public\Prototype_Manager.h">
      <Filter>03.Prototype\Manager</Filter>
    </ClInclude>
    <ClInclude Include="..\public\Object_Manager.h">
      <Filter>02.GameObject\Manager</Filter>
    </ClInclude>
    <ClInclude Include="..\public\Layer.h">
      <Filter>02.GameObject\Manager\Layer</Filter>
    </ClInclude>
    <ClInclude Include="..\public\Renderer.h">
      <Filter>05.Renderer</Filter>
    </ClInclude>
    <ClInclude Include="..\public\Component.h">
      <Filter>04.Components</Filter>
    </ClInclude>
    <ClInclude Include="..\public\Texture.h">
      <Filter>04.Components\Texture</Filter>
    </ClInclude>
    <ClInclude Include="..\public\VIBuffer.h">
      <Filter>04.Components\VIBuffer</Filter>
    </ClInclude>
    <ClInclude Include="..\public\VIBuffer_Rect.h">
      <Filter>04.Components\VIBuffer\Rect</Filter>
    </ClInclude>
    <ClInclude Include="..\Public\VIBuffer_Terrain.h">
      <Filter>04.Components\VIBuffer\Terrain</Filter>
    </ClInclude>
    <ClInclude Include="..\public\Input_Device.h">
      <Filter>97.Device\Input</Filter>
    </ClInclude>
    <ClInclude Include="..\public\Transform.h">
      <Filter>04.Components\Transform</Filter>
    </ClInclude>
    <ClInclude Include="..\public\Camera.h">
      <Filter>02.GameObject\Camera</Filter>
    </ClInclude>
    <ClInclude Include="..\public\Key_Manager.h">
      <Filter>96.Key</Filter>
    </ClInclude>
    <ClInclude Include="..\public\VIBuffer_Cube.h">
      <Filter>04.Components\VIBuffer\Cube</Filter>
    </ClInclude>
    <ClInclude Include="..\Public\Timer.h">
      <Filter>95.Timers</Filter>
    </ClInclude>
    <ClInclude Include="..\Public\Timer_Manager.h">
      <Filter>95.Timers\Manager</Filter>
    </ClInclude>
    <ClInclude Include="..\Public\csvReader.h">
      <Filter>94.csvReader</Filter>
    </ClInclude>
    <ClInclude Include="..\Public\LevelData.h">
      <Filter>01.Level\Data</Filter>
    </ClInclude>
    <ClInclude Include="..\Public\Matrix.h">
      <Filter>93.Matrix</Filter>
    </ClInclude>
    <ClInclude Include="..\Public\Vector.h">
      <Filter>92.Vector</Filter>
    </ClInclude>
    <ClInclude Include="..\public\ObjectPool.h">
      <Filter>02.GameObject\Manager\ObjectPool</Filter>
    </ClInclude>
    <ClInclude Include="..\Public\VIBuffer_Cabinet.h">
      <Filter>04.Components\VIBuffer\Cabinet</Filter>
    </ClInclude>
    <ClInclude Include="..\public\Gravity.h">
      <Filter>04.Components\Gravity</Filter>
    </ClInclude>
    <ClInclude Include="..\Public\VIBuffer_Signboard.h">
      <Filter>04.Components\VIBuffer\Signboard</Filter>
    </ClInclude>
    <ClInclude Include="..\Public\VIBuffer_Stall.h">
      <Filter>04.Components\VIBuffer\Stall</Filter>
    </ClInclude>
    <ClInclude Include="..\Public\VIBuffer_Trapezoid.h">
      <Filter>04.Components\VIBuffer\Trapezoid</Filter>
    </ClInclude>
    <ClInclude Include="..\Public\VIBuffer_Computer.h">
      <Filter>04.Components\VIBuffer\Computer</Filter>
    </ClInclude>
    <ClInclude Include="..\public\Collider.h">
      <Filter>04.Components\Collider</Filter>
    </ClInclude>
    <ClInclude Include="..\public\Collider_AABB_Cube.h">
      <Filter>04.Components\Collider\AABB_Cube</Filter>
    </ClInclude>
    <ClInclude Include="..\Public\Collider_OBB_Cube.h">
      <Filter>04.Components\Collider\OBB_Cube</Filter>
    </ClInclude>
    <ClInclude Include="..\public\Collider_Sphere.h">
      <Filter>04.Components\Collider\Sphere</Filter>
    </ClInclude>
    <ClInclude Include="..\public\Collider_Capsule.h">
      <Filter>04.Components\Collider\Capsule</Filter>
    </ClInclude>
    <ClInclude Include="..\public\Collider_Line.h">
      <Filter>04.Components\Collider\Line</Filter>
    </ClInclude>
    <ClInclude Include="..\public\Collider_Rect.h">
      <Filter>04.Components\Collider\Rect</Filter>
    </ClInclude>
    <ClInclude Include="..\Public\VIBuffer_Canopy.h">
      <Filter>04.Components\VIBuffer\Canopy</Filter>
    </ClInclude>
    <ClInclude Include="..\Public\VIBuffer_RaceTerrain.h">
      <Filter>04.Components\VIBuffer\RaceTerrain</Filter>
    </ClInclude>
    <ClInclude Include="..\Public\VIBuffer_RaceLandscape.h">
      <Filter>04.Components\VIBuffer\RaceTerrain\VIBuffer_RaceLandscape</Filter>
    </ClInclude>
    <ClInclude Include="..\Public\VIBuffer_BuildingH.h">
      <Filter>04.Components\VIBuffer\RaceTerrain\VIBuffer_BuildingH</Filter>
    </ClInclude>
    <ClInclude Include="..\Public\VIBuffer_BuildingW.h">
      <Filter>04.Components\VIBuffer\RaceTerrain\VIBuffer_BuildingW</Filter>
    </ClInclude>
    <ClInclude Include="..\public\VIBuffer_CubeEx.h">
      <Filter>04.Components\VIBuffer\CubeEx</Filter>
    </ClInclude>
    <ClInclude Include="..\public\Collider_Manager.h">
      <Filter>04.Components\Collider\Manager</Filter>
    </ClInclude>
    <ClInclude Include="..\public\VIBuffer_TriangularPillar.h">
      <Filter>04.Components\VIBuffer\TriangularPillar</Filter>
    </ClInclude>
  </ItemGroup>
  <ItemGroup>
    <Filter Include="99.Headers">
      <UniqueIdentifier>{4cd85e69-79d0-46a8-a4d9-1fcfefe60f6c}</UniqueIdentifier>
    </Filter>
    <Filter Include="98.Superclass">
      <UniqueIdentifier>{5d706b49-4323-4697-bf88-8772695c313b}</UniqueIdentifier>
    </Filter>
    <Filter Include="97.Device">
      <UniqueIdentifier>{35eaf6d8-6290-4c76-80a4-fb607d029e44}</UniqueIdentifier>
    </Filter>
    <Filter Include="97.Device\Graphic">
      <UniqueIdentifier>{b0f5d192-78e6-4208-b0f4-cac2b5546ebd}</UniqueIdentifier>
    </Filter>
    <Filter Include="00.GameInstance">
      <UniqueIdentifier>{f146498a-b946-42b7-9519-141ac6f93f7c}</UniqueIdentifier>
    </Filter>
    <Filter Include="02.GameObject">
      <UniqueIdentifier>{8a591089-8197-4821-a844-e77d37c00b00}</UniqueIdentifier>
    </Filter>
    <Filter Include="02.GameObject\Manager">
      <UniqueIdentifier>{dd17cb57-187f-43cd-82d0-64a0880616a8}</UniqueIdentifier>
    </Filter>
    <Filter Include="02.GameObject\Manager\Layer">
      <UniqueIdentifier>{b7cc089a-858e-492e-9041-130cf6a28548}</UniqueIdentifier>
    </Filter>
    <Filter Include="03.Prototype">
      <UniqueIdentifier>{fff994a1-1d65-4ab2-b65a-a4e49cdffb59}</UniqueIdentifier>
    </Filter>
    <Filter Include="03.Prototype\Manager">
      <UniqueIdentifier>{00500f36-ef8e-41b5-aa07-5e12106b1fa6}</UniqueIdentifier>
    </Filter>
    <Filter Include="04.Components">
      <UniqueIdentifier>{430a8c1a-1040-4ea7-bd9c-16a49f38a6a1}</UniqueIdentifier>
    </Filter>
    <Filter Include="04.Components\VIBuffer">
      <UniqueIdentifier>{93bf0b31-6059-4bf3-a7c2-e0a748647b9c}</UniqueIdentifier>
    </Filter>
    <Filter Include="04.Components\VIBuffer\Rect">
      <UniqueIdentifier>{298a3fd8-c4ce-4622-80b7-15a3ac08203d}</UniqueIdentifier>
    </Filter>
    <Filter Include="04.Components\VIBuffer\Cube">
      <UniqueIdentifier>{fc1078ea-bb67-4054-bc61-5e6981c4b29d}</UniqueIdentifier>
    </Filter>
    <Filter Include="04.Components\VIBuffer\Terrain">
      <UniqueIdentifier>{688c68fb-dda6-432a-bcbf-b68cb6fec7bf}</UniqueIdentifier>
    </Filter>
    <Filter Include="97.Device\Input">
      <UniqueIdentifier>{04776061-ce83-4782-abcf-5951e4ae31e2}</UniqueIdentifier>
    </Filter>
    <Filter Include="02.GameObject\Camera">
      <UniqueIdentifier>{8e51b43f-9f32-4225-aa51-8d46faf6048d}</UniqueIdentifier>
    </Filter>
    <Filter Include="96.Key">
      <UniqueIdentifier>{5128e514-946d-4beb-8061-00cf27acef87}</UniqueIdentifier>
    </Filter>
    <Filter Include="95.Timers">
      <UniqueIdentifier>{282b95d5-7bad-4eef-828f-0992ba7f9700}</UniqueIdentifier>
    </Filter>
    <Filter Include="95.Timers\Manager">
      <UniqueIdentifier>{b4ec8cb8-a470-4129-b6cb-396fab5bdd89}</UniqueIdentifier>
    </Filter>
    <Filter Include="94.csvReader">
      <UniqueIdentifier>{740c0093-06e8-4a4b-a4ae-1b71c2ac2c79}</UniqueIdentifier>
    </Filter>
    <Filter Include="92.Vector">
      <UniqueIdentifier>{86fc3178-1641-4b07-9a22-7d3bec312420}</UniqueIdentifier>
    </Filter>
    <Filter Include="93.Matrix">
      <UniqueIdentifier>{0c6983b9-14e1-415b-bc12-b1ef475b7bef}</UniqueIdentifier>
    </Filter>
    <Filter Include="02.GameObject\Manager\ObjectPool">
      <UniqueIdentifier>{4fbcb975-7b7a-4572-a7a8-8eadeb594170}</UniqueIdentifier>
    </Filter>
    <Filter Include="04.Components\VIBuffer\Trapezoid">
      <UniqueIdentifier>{8045495a-7080-4cce-b237-13d898a49c82}</UniqueIdentifier>
    </Filter>
    <Filter Include="04.Components\VIBuffer\Cabinet">
      <UniqueIdentifier>{8add8500-3e0e-4032-9220-0d5a712bd592}</UniqueIdentifier>
    </Filter>
    <Filter Include="04.Components\Gravity">
      <UniqueIdentifier>{58fc6051-f65a-4aef-9c76-ab59edcb0069}</UniqueIdentifier>
    </Filter>
    <Filter Include="04.Components\Transform">
      <UniqueIdentifier>{b20f2232-3955-44e4-8a5f-78d251aab896}</UniqueIdentifier>
    </Filter>
    <Filter Include="04.Components\VIBuffer\Signboard">
      <UniqueIdentifier>{41a8d6a0-ba8e-42fa-bad9-9a7eed81e6cf}</UniqueIdentifier>
    </Filter>
    <Filter Include="04.Components\Collider">
      <UniqueIdentifier>{da3b2615-9fbc-4fc4-96e8-169f7f7261b4}</UniqueIdentifier>
    </Filter>
    <Filter Include="04.Components\Collider\AABB_Cube">
      <UniqueIdentifier>{e11a361a-6245-437d-8546-4f501b8d72a5}</UniqueIdentifier>
    </Filter>
    <Filter Include="04.Components\Collider\OBB_Cube">
      <UniqueIdentifier>{7f4afaff-d225-440f-a075-e3f91e6081b4}</UniqueIdentifier>
    </Filter>
    <Filter Include="04.Components\Collider\Sphere">
      <UniqueIdentifier>{363cddbb-2bd8-46cc-be96-68226d0e499e}</UniqueIdentifier>
    </Filter>
    <Filter Include="04.Components\Collider\Capsule">
      <UniqueIdentifier>{16c87723-ef05-409a-ba4e-619f17fc0234}</UniqueIdentifier>
    </Filter>
    <Filter Include="04.Components\Collider\Line">
      <UniqueIdentifier>{00be9faa-a1ba-4551-9dcc-d44dd468399e}</UniqueIdentifier>
    </Filter>
    <Filter Include="04.Components\Collider\Rect">
      <UniqueIdentifier>{708cfec0-f8e3-4081-90b7-7667aa838bb3}</UniqueIdentifier>
    </Filter>
    <Filter Include="04.Components\VIBuffer\Stall">
      <UniqueIdentifier>{0b130853-dccb-4e58-95ee-7dc318ecdbd1}</UniqueIdentifier>
    </Filter>
    <Filter Include="04.Components\VIBuffer\Computer">
      <UniqueIdentifier>{14aa1ddf-8817-4bbf-8cb0-32cd6e17139c}</UniqueIdentifier>
    </Filter>
    <Filter Include="05.Renderer">
      <UniqueIdentifier>{ac1221d1-ea14-4963-a022-db50384008db}</UniqueIdentifier>
    </Filter>
    <Filter Include="04.Components\Texture">
      <UniqueIdentifier>{435382d3-d1d7-453c-bc59-7a6c58348515}</UniqueIdentifier>
    </Filter>
    <Filter Include="04.Components\VIBuffer\Canopy">
      <UniqueIdentifier>{2384da72-0b4c-46c3-b789-3567a4128378}</UniqueIdentifier>
    </Filter>
    <Filter Include="04.Components\VIBuffer\RaceTerrain">
      <UniqueIdentifier>{563856f0-e543-4fad-b80e-afebfa50eb71}</UniqueIdentifier>
    </Filter>
    <Filter Include="04.Components\VIBuffer\RaceTerrain\VIBuffer_RaceLandscape">
      <UniqueIdentifier>{a17320ba-13d7-4378-8347-94e8f49998f7}</UniqueIdentifier>
    </Filter>
    <Filter Include="01.Level">
      <UniqueIdentifier>{4984c672-521a-4088-a0d7-c4c1f4639603}</UniqueIdentifier>
    </Filter>
    <Filter Include="01.Level\Manager">
      <UniqueIdentifier>{178f61da-d50b-4e2e-9547-906f3926861e}</UniqueIdentifier>
    </Filter>
    <Filter Include="01.Level\Data">
      <UniqueIdentifier>{8c9a0ddb-50fd-4dbd-830f-a03b6f89514a}</UniqueIdentifier>
    </Filter>
    <Filter Include="04.Components\Collider\Manager">
      <UniqueIdentifier>{4cb07bab-70b4-4c21-83e9-4d1ff5fdd5e2}</UniqueIdentifier>
    </Filter>
    <Filter Include="04.Components\VIBuffer\CubeEx">
      <UniqueIdentifier>{de6d8a58-f371-4f9c-8830-2898e909e7c9}</UniqueIdentifier>
    </Filter>
    <Filter Include="04.Components\VIBuffer\RaceTerrain\VIBuffer_BuildingH">
      <UniqueIdentifier>{0ca130d8-202e-4e32-b161-313466f789b1}</UniqueIdentifier>
    </Filter>
    <Filter Include="04.Components\VIBuffer\RaceTerrain\VIBuffer_BuildingW">
      <UniqueIdentifier>{c3a148c2-1ed3-4b58-8593-6a40608c8977}</UniqueIdentifier>
    </Filter>
    <Filter Include="04.Components\VIBuffer\TriangularPillar">
      <UniqueIdentifier>{bfc39af0-9640-4103-9f4c-6f516e854cc4}</UniqueIdentifier>
    </Filter>
  </ItemGroup>
  <ItemGroup>
    <ClCompile Include="..\Private\Base.cpp">
      <Filter>98.Superclass</Filter>
    </ClCompile>
    <ClCompile Include="..\Private\Graphic_Device.cpp">
      <Filter>97.Device\Graphic</Filter>
    </ClCompile>
    <ClCompile Include="..\private\GameInstance.cpp">
      <Filter>00.GameInstance</Filter>
    </ClCompile>
    <ClCompile Include="..\Private\Level_Manager.cpp">
      <Filter>01.Level\Manager</Filter>
    </ClCompile>
    <ClCompile Include="..\private\Level.cpp">
      <Filter>01.Level</Filter>
    </ClCompile>
    <ClCompile Include="..\private\GameObject.cpp">
      <Filter>02.GameObject</Filter>
    </ClCompile>
    <ClCompile Include="..\private\Prototype_Manager.cpp">
      <Filter>03.Prototype\Manager</Filter>
    </ClCompile>
    <ClCompile Include="..\private\Object_Manager.cpp">
      <Filter>02.GameObject\Manager</Filter>
    </ClCompile>
    <ClCompile Include="..\private\Layer.cpp">
      <Filter>02.GameObject\Manager\Layer</Filter>
    </ClCompile>
    <ClCompile Include="..\private\Renderer.cpp">
      <Filter>05.Renderer</Filter>
    </ClCompile>
    <ClCompile Include="..\private\Component.cpp">
      <Filter>04.Components</Filter>
    </ClCompile>
    <ClCompile Include="..\private\Texture.cpp">
      <Filter>04.Components\Texture</Filter>
    </ClCompile>
    <ClCompile Include="..\private\VIBuffer_Rect.cpp">
      <Filter>04.Components\VIBuffer\Rect</Filter>
    </ClCompile>
    <ClCompile Include="..\Private\VIBuffer_Terrain.cpp">
      <Filter>04.Components\VIBuffer\Terrain</Filter>
    </ClCompile>
    <ClCompile Include="..\private\Input_Device.cpp">
      <Filter>97.Device\Input</Filter>
    </ClCompile>
    <ClCompile Include="..\private\Transform.cpp">
      <Filter>04.Components\Transform</Filter>
    </ClCompile>
    <ClCompile Include="..\private\Camera.cpp">
      <Filter>02.GameObject\Camera</Filter>
    </ClCompile>
    <ClCompile Include="..\private\Key_Manager.cpp">
      <Filter>96.Key</Filter>
    </ClCompile>
    <ClCompile Include="..\private\VIBuffer_Cube.cpp">
      <Filter>04.Components\VIBuffer\Cube</Filter>
    </ClCompile>
    <ClCompile Include="..\Private\Timer.cpp">
      <Filter>95.Timers</Filter>
    </ClCompile>
    <ClCompile Include="..\Private\Timer_Manager.cpp">
      <Filter>95.Timers\Manager</Filter>
    </ClCompile>
    <ClCompile Include="..\Private\csvReader.cpp">
      <Filter>94.csvReader</Filter>
    </ClCompile>
    <ClCompile Include="..\Private\LevelData.cpp">
      <Filter>01.Level\Data</Filter>
    </ClCompile>
    <ClCompile Include="..\Private\Matrix.cpp">
      <Filter>93.Matrix</Filter>
    </ClCompile>
    <ClCompile Include="..\Private\Vector.cpp">
      <Filter>92.Vector</Filter>
    </ClCompile>
    <ClCompile Include="..\private\ObjectPool.cpp">
      <Filter>02.GameObject\Manager\ObjectPool</Filter>
    </ClCompile>
    <ClCompile Include="..\Private\VIBuffer_Cabinet.cpp">
      <Filter>04.Components\VIBuffer\Cabinet</Filter>
    </ClCompile>
    <ClCompile Include="..\private\Gravity.cpp">
      <Filter>04.Components\Gravity</Filter>
    </ClCompile>
    <ClCompile Include="..\Private\VIBuffer_Signboard.cpp">
      <Filter>04.Components\VIBuffer\Signboard</Filter>
    </ClCompile>
    <ClCompile Include="..\Private\VIBuffer_Stall.cpp">
      <Filter>04.Components\VIBuffer\Stall</Filter>
    </ClCompile>
    <ClCompile Include="..\Private\VIBuffer_Trapezoid.cpp">
      <Filter>04.Components\VIBuffer\Trapezoid</Filter>
    </ClCompile>
    <ClCompile Include="..\Private\VIBuffer_Computer.cpp">
      <Filter>04.Components\VIBuffer\Computer</Filter>
    </ClCompile>
    <ClCompile Include="..\private\Collider.cpp">
      <Filter>04.Components\Collider</Filter>
    </ClCompile>
    <ClCompile Include="..\private\Collider_AABB_Cube.cpp">
      <Filter>04.Components\Collider\AABB_Cube</Filter>
    </ClCompile>
    <ClCompile Include="..\Private\Collider_OBB_Cube.cpp">
      <Filter>04.Components\Collider\OBB_Cube</Filter>
    </ClCompile>
    <ClCompile Include="..\private\Collider_Sphere.cpp">
      <Filter>04.Components\Collider\Sphere</Filter>
    </ClCompile>
    <ClCompile Include="..\private\Collider_Capsule.cpp">
      <Filter>04.Components\Collider\Capsule</Filter>
    </ClCompile>
    <ClCompile Include="..\private\Collider_Line.cpp">
      <Filter>04.Components\Collider\Line</Filter>
    </ClCompile>
    <ClCompile Include="..\private\Collider_Rect.cpp">
      <Filter>04.Components\Collider\Rect</Filter>
    </ClCompile>
    <ClCompile Include="..\Private\VIBuffer_Canopy.cpp">
      <Filter>04.Components\VIBuffer\Canopy</Filter>
    </ClCompile>
    <ClCompile Include="..\Private\VIBuffer_RaceTerrain.cpp">
      <Filter>04.Components\VIBuffer\RaceTerrain</Filter>
    </ClCompile>
    <ClCompile Include="..\Private\VIBuffer_RaceLandscape.cpp">
      <Filter>04.Components\VIBuffer\RaceTerrain\VIBuffer_RaceLandscape</Filter>
    </ClCompile>
    <ClCompile Include="..\private\Collider_Manager.cpp">
      <Filter>04.Components\Collider\Manager</Filter>
    </ClCompile>
    <ClCompile Include="..\private\VIBuffer_CubeEx.cpp">
      <Filter>04.Components\VIBuffer\CubeEx</Filter>
    </ClCompile>
    <ClCompile Include="..\Private\VIBuffer_BuildingH.cpp">
      <Filter>04.Components\VIBuffer\RaceTerrain\VIBuffer_BuildingH</Filter>
    </ClCompile>
    <ClCompile Include="..\Private\VIBuffer_BuildingW.cpp">
      <Filter>04.Components\VIBuffer\RaceTerrain\VIBuffer_BuildingW</Filter>
    </ClCompile>
    <ClCompile Include="..\private\VIBuffer_TriangularPillar.cpp">
      <Filter>04.Components\VIBuffer\TriangularPillar</Filter>
    </ClCompile>
    <ClCompile Include="..\private\VIBuffer.cpp">
      <Filter>04.Components\VIBuffer</Filter>
    </ClCompile>
  </ItemGroup>
</Project>