<?xml version="1.0" encoding="utf-8"?>
<Project ToolsVersion="4.0" xmlns="http://schemas.microsoft.com/developer/msbuild/2003">
  <ItemGroup>
    <Filter Include="99.Headers">
      <UniqueIdentifier>{fcace3ae-9159-40b6-9db2-b1157c2c1a8e}</UniqueIdentifier>
    </Filter>
    <Filter Include="98.Default">
      <UniqueIdentifier>{c71aa598-32ef-4232-87ce-4a5d4dad2483}</UniqueIdentifier>
    </Filter>
    <Filter Include="00.MainApp">
      <UniqueIdentifier>{369681bb-6938-407b-bc8d-ba710eb82c23}</UniqueIdentifier>
    </Filter>
    <Filter Include="01.Levels">
      <UniqueIdentifier>{41256f5c-82f1-4be2-a738-7bf24b49e419}</UniqueIdentifier>
    </Filter>
    <Filter Include="01.Levels\Logo">
      <UniqueIdentifier>{a926e41f-b171-4b7c-90c8-605be1a166f7}</UniqueIdentifier>
    </Filter>
    <Filter Include="01.Levels\GamePlay">
      <UniqueIdentifier>{efb49076-2627-4a87-abf5-c51f865b5c61}</UniqueIdentifier>
    </Filter>
    <Filter Include="02.GameObjects">
      <UniqueIdentifier>{fc197735-46d5-4551-ad66-96d8601cef85}</UniqueIdentifier>
    </Filter>
    <Filter Include="02.GameObjects\UI">
      <UniqueIdentifier>{23b9363e-bdd8-4f3b-9f9c-091e08b9493e}</UniqueIdentifier>
    </Filter>
    <Filter Include="02.GameObjects\Camera">
      <UniqueIdentifier>{9c2a241e-1c06-4f33-a61d-8fd9f461b352}</UniqueIdentifier>
    </Filter>
    <Filter Include="02.GameObjects\Camera\DynamicCamera">
      <UniqueIdentifier>{84900df6-9242-4f35-8f76-9d8809a6a296}</UniqueIdentifier>
    </Filter>
    <Filter Include="02.GameObjects\Camera\UI_Camera">
      <UniqueIdentifier>{c3f0589f-c020-4a7c-b7db-fa1b105775da}</UniqueIdentifier>
    </Filter>
    <Filter Include="02.GameObjects\Statue">
      <UniqueIdentifier>{3cf1dc92-4e8e-45e5-921e-4c51a5527dfa}</UniqueIdentifier>
    </Filter>
    <Filter Include="02.GameObjects\Effect">
      <UniqueIdentifier>{8a9aaaa4-6267-428d-b1c8-d878c6c1a50a}</UniqueIdentifier>
    </Filter>
    <Filter Include="02.GameObjects\Pawn">
      <UniqueIdentifier>{c35da08a-421c-4a11-ba53-b81fa4888a6e}</UniqueIdentifier>
    </Filter>
    <Filter Include="02.GameObjects\Item">
      <UniqueIdentifier>{ad5b920c-bc1b-4ece-bc65-fdfb9440ecab}</UniqueIdentifier>
    </Filter>
    <Filter Include="02.GameObjects\Bullet">
      <UniqueIdentifier>{c524e1eb-809f-4b51-8e3c-f61d479c62da}</UniqueIdentifier>
    </Filter>
    <Filter Include="02.GameObjects\Boss">
      <UniqueIdentifier>{4edcbe90-d066-43a7-a6df-4f0e2eabebb4}</UniqueIdentifier>
    </Filter>
    <Filter Include="02.GameObjects\Monster">
      <UniqueIdentifier>{77e476b8-1434-4864-aee9-655662cb4f88}</UniqueIdentifier>
    </Filter>
    <Filter Include="02.GameObjects\Map">
      <UniqueIdentifier>{d2a1c4aa-b5fb-4b02-8851-a076935131e0}</UniqueIdentifier>
    </Filter>
    <Filter Include="02.GameObjects\Statue\Trapezoid">
      <UniqueIdentifier>{a339b7fc-a5ec-4540-b4db-8ad27a50bc8f}</UniqueIdentifier>
    </Filter>
    <Filter Include="02.GameObjects\UI\GamePlayUI">
      <UniqueIdentifier>{8a2688ce-7eca-4744-84a6-c3f46738eb5a}</UniqueIdentifier>
    </Filter>
    <Filter Include="02.GameObjects\UI\MenuUI">
      <UniqueIdentifier>{17a3f522-58e3-4264-ba9a-2a4adb2d3cc9}</UniqueIdentifier>
    </Filter>
    <Filter Include="02.GameObjects\UI\GamePlayUI\Portrait">
      <UniqueIdentifier>{1f143357-a3b6-4a71-9cbc-224e93371894}</UniqueIdentifier>
    </Filter>
    <Filter Include="02.GameObjects\UI\GamePlayUI\Aim">
      <UniqueIdentifier>{0dbc93d8-f8a4-41c6-a1d1-63543326afe3}</UniqueIdentifier>
    </Filter>
    <Filter Include="02.GameObjects\UI\GamePlayUI\Armor">
      <UniqueIdentifier>{a7860868-7166-44f9-9da5-547dfe0e27fc}</UniqueIdentifier>
    </Filter>
    <Filter Include="02.GameObjects\UI\GamePlayUI\Ammo">
      <UniqueIdentifier>{6ac6bbd6-0b08-4490-b991-2038eb8d0333}</UniqueIdentifier>
    </Filter>
    <Filter Include="02.GameObjects\UI\Font">
      <UniqueIdentifier>{f5358a75-78d6-4a59-9a31-e6b08e83845b}</UniqueIdentifier>
    </Filter>
    <Filter Include="02.GameObjects\UI\Font\Font_MediumBlue">
      <UniqueIdentifier>{74b6fc8d-b0fe-4cb1-aee6-ddc4604bd8d4}</UniqueIdentifier>
    </Filter>
    <Filter Include="02.GameObjects\UI\Font\Font_BigOrange">
      <UniqueIdentifier>{de8b3aab-47b1-4af0-9049-cc8f4c254de1}</UniqueIdentifier>
    </Filter>
    <Filter Include="02.GameObjects\UI\MenuUI\MainMenu">
      <UniqueIdentifier>{6b26a339-37a9-45ca-8210-9c9622a84f31}</UniqueIdentifier>
    </Filter>
    <Filter Include="02.GameObjects\UI\MenuUI\GameMenu">
      <UniqueIdentifier>{b2fb4625-0e8e-4c39-b7ae-7227d0c7990f}</UniqueIdentifier>
    </Filter>
    <Filter Include="02.GameObjects\Statue\Common_Shape">
      <UniqueIdentifier>{77614cdc-4d81-4123-8816-10d06f2ae14c}</UniqueIdentifier>
    </Filter>
    <Filter Include="02.GameObjects\Statue\Cabinet">
      <UniqueIdentifier>{abf68af6-0c29-4236-b45e-f71cab6a041e}</UniqueIdentifier>
    </Filter>
    <Filter Include="02.GameObjects\__DebugMode">
      <UniqueIdentifier>{b4ef907c-f7c8-4b01-a74d-47b229dc7d06}</UniqueIdentifier>
    </Filter>
    <Filter Include="02.GameObjects\Pawn\Player">
      <UniqueIdentifier>{7824ea17-ff1a-481c-ab6e-d2abce003704}</UniqueIdentifier>
    </Filter>
    <Filter Include="01.Levels\Loading">
      <UniqueIdentifier>{cd6f1077-a658-4259-ad08-ca7b827e1e50}</UniqueIdentifier>
    </Filter>
    <Filter Include="01.Levels\Loading\Loader">
      <UniqueIdentifier>{a4567c73-3efb-4ce1-a29b-da4945a9cb93}</UniqueIdentifier>
    </Filter>
    <Filter Include="02.GameObjects\Particle">
      <UniqueIdentifier>{3845da3f-5600-47ea-9730-6da610be76f0}</UniqueIdentifier>
    </Filter>
    <Filter Include="02.GameObjects\Particle\Define">
      <UniqueIdentifier>{14992e28-53f8-4c75-9fd1-77ff56588016}</UniqueIdentifier>
    </Filter>
    <Filter Include="02.GameObjects\Particle\System">
      <UniqueIdentifier>{45fe0e3e-a769-4370-b7cb-f9be6b2b1544}</UniqueIdentifier>
    </Filter>
    <Filter Include="02.GameObjects\Particle\Firework">
      <UniqueIdentifier>{969a81fd-fdd0-49e2-981c-a9e19b61be79}</UniqueIdentifier>
    </Filter>
    <Filter Include="02.GameObjects\Particle\Rain">
      <UniqueIdentifier>{96189cf7-b7c7-40be-95de-e7268c1111c0}</UniqueIdentifier>
    </Filter>
    <Filter Include="02.GameObjects\UI\Manager">
      <UniqueIdentifier>{fc895246-0b92-4f60-9433-e7a515c057b1}</UniqueIdentifier>
    </Filter>
    <Filter Include="02.GameObjects\Particle\Smoke">
      <UniqueIdentifier>{85f8522c-054a-4781-bfc6-a727b69453d8}</UniqueIdentifier>
    </Filter>
    <Filter Include="02.GameObjects\Effect\Sprite">
      <UniqueIdentifier>{b3565773-83e2-4e30-8f32-cab1a75b2fc7}</UniqueIdentifier>
    </Filter>
    <Filter Include="02.GameObjects\Particle\Tornado">
      <UniqueIdentifier>{3cff84a0-00a8-4421-9aa5-494530f71777}</UniqueIdentifier>
    </Filter>
    <Filter Include="02.GameObjects\Effect\CameraSprite">
      <UniqueIdentifier>{781a6385-c83d-44c7-bb96-3ed6a3445a65}</UniqueIdentifier>
    </Filter>
    <Filter Include="02.GameObjects\Camera\FPSCamera">
      <UniqueIdentifier>{3292d9e0-25c2-4673-a3a9-65c79f7f39bc}</UniqueIdentifier>
    </Filter>
    <Filter Include="02.GameObjects\Camera\Manager">
      <UniqueIdentifier>{251a835c-fe80-4960-8da5-f50344efc795}</UniqueIdentifier>
    </Filter>
    <Filter Include="02.GameObjects\Bullet\TestBullet">
      <UniqueIdentifier>{550edbb4-3757-490f-81e5-8aa4b514eba1}</UniqueIdentifier>
    </Filter>
    <Filter Include="02.GameObjects\Monster\TestMonster">
      <UniqueIdentifier>{3674c8bc-204a-4475-9166-b2788d2c5c42}</UniqueIdentifier>
    </Filter>
    <Filter Include="02.GameObjects\Statue\Signboard">
      <UniqueIdentifier>{f980a65b-3298-4b0b-98a2-1d08187c11b7}</UniqueIdentifier>
    </Filter>
    <Filter Include="02.GameObjects\Statue\Stall">
      <UniqueIdentifier>{6b7038bf-ee0e-4aa7-859e-8de7fb9e7cf4}</UniqueIdentifier>
    </Filter>
    <Filter Include="02.GameObjects\Statue\MyComputer">
      <UniqueIdentifier>{e32324b5-99a3-49b9-821e-a8a6ff169fb0}</UniqueIdentifier>
    </Filter>
    <Filter Include="02.GameObjects\UI\Font\Font_TinyBlue">
      <UniqueIdentifier>{e73131f6-e2be-489a-84c2-c9a3ae0eb8c1}</UniqueIdentifier>
    </Filter>
    <Filter Include="02.GameObjects\UI\Font\Font_BigSilver">
      <UniqueIdentifier>{9f63eadd-9790-4713-be66-28482d1458fb}</UniqueIdentifier>
    </Filter>
    <Filter Include="02.GameObjects\UI\MenuUI\LoadingMenu">
      <UniqueIdentifier>{dd5a48aa-1696-4a1d-ab26-6e5a44c91854}</UniqueIdentifier>
    </Filter>
    <Filter Include="02.GameObjects\UI\Button">
      <UniqueIdentifier>{4a9434f2-285b-4625-b208-c24b1d822db7}</UniqueIdentifier>
    </Filter>
    <Filter Include="02.GameObjects\Item\Item_Ammo">
      <UniqueIdentifier>{d1aca46f-c220-419d-9122-7d021650f192}</UniqueIdentifier>
    </Filter>
    <Filter Include="02.GameObjects\Item\Item_Medkit">
      <UniqueIdentifier>{c4d0bab2-7f74-4cea-a8bd-ecf3b8c3154e}</UniqueIdentifier>
    </Filter>
    <Filter Include="02.GameObjects\Particle\EmtyBullet">
      <UniqueIdentifier>{f0e372d5-eb30-435c-9f67-b6cb449f4d50}</UniqueIdentifier>
    </Filter>
    <Filter Include="02.GameObjects\Weapon">
      <UniqueIdentifier>{1900a8f1-bff3-459a-95e2-ec863394fc4b}</UniqueIdentifier>
    </Filter>
    <Filter Include="02.GameObjects\Weapon\Chaingun">
      <UniqueIdentifier>{0ada8d69-d5db-4a48-817d-d7da67427bde}</UniqueIdentifier>
    </Filter>
    <Filter Include="02.GameObjects\Weapon\LoverBoy">
      <UniqueIdentifier>{938caa6e-991d-4371-8c1a-c40eec5364c9}</UniqueIdentifier>
    </Filter>
    <Filter Include="01.Levels\Test">
      <UniqueIdentifier>{28e29652-c666-48a6-98b3-c2bfe2ffccd2}</UniqueIdentifier>
    </Filter>
    <Filter Include="02.GameObjects\Map\BackGround">
      <UniqueIdentifier>{cacde4f5-7fc7-406d-9ed5-7a738becec0f}</UniqueIdentifier>
    </Filter>
    <Filter Include="02.GameObjects\Map\Terrain">
      <UniqueIdentifier>{9de21c46-a0f5-43b6-8a26-1378d9bcc1aa}</UniqueIdentifier>
    </Filter>
    <Filter Include="02.GameObjects\Statue\Mycube">
      <UniqueIdentifier>{866631c5-e2bd-4cb1-8c4f-cb7e7ba7d676}</UniqueIdentifier>
    </Filter>
    <Filter Include="02.GameObjects\Map\Block">
      <UniqueIdentifier>{c8ed5851-d677-4b27-bbf4-5114c532d80d}</UniqueIdentifier>
    </Filter>
    <Filter Include="02.GameObjects\Map\TextTerrain">
      <UniqueIdentifier>{c3ef4eff-606f-4fdd-ab5a-b810076f6654}</UniqueIdentifier>
    <Filter Include="100.Imgui">
      <UniqueIdentifier>{5dfc6c89-573a-44c3-81d7-b3a0d6305c09}</UniqueIdentifier>
    </Filter>
    <Filter Include="02.GameObjects\UI\GamePlayUI\ItemDialog">
      <UniqueIdentifier>{66e93016-322f-43a1-83a6-f8b9aad04f9f}</UniqueIdentifier>
    </Filter>
    <Filter Include="02.GameObjects\Effect\old">
      <UniqueIdentifier>{a808fd5a-7a9a-4779-a0db-c168d38ff4ed}</UniqueIdentifier>
    </Filter>
    <Filter Include="02.GameObjects\Effect\old\Explosion">
      <UniqueIdentifier>{01009920-271b-44a0-8d6f-a1b2c2207162}</UniqueIdentifier>
    </Filter>
    <Filter Include="02.GameObjects\Particle\Sphere">
      <UniqueIdentifier>{a9c1ba05-185c-43aa-877b-e3de27885e20}</UniqueIdentifier>
    </Filter>
    <Filter Include="02.GameObjects\Particle\Dust">
      <UniqueIdentifier>{dcba56ee-b74b-4834-a20b-e207bc10d479}</UniqueIdentifier>
    </Filter>
  </ItemGroup>
  <ItemGroup>
    <ClInclude Include="Client.h">
      <Filter>98.Default</Filter>
    </ClInclude>
    <ClInclude Include="framework.h">
      <Filter>98.Default</Filter>
    </ClInclude>
    <ClInclude Include="Resource.h">
      <Filter>98.Default</Filter>
    </ClInclude>
    <ClInclude Include="targetver.h">
      <Filter>98.Default</Filter>
    </ClInclude>
    <ClInclude Include="MainApp.h">
      <Filter>00.MainApp</Filter>
    </ClInclude>
    <ClInclude Include="..\public\Client_Defines.h">
      <Filter>99.Headers</Filter>
    </ClInclude>
    <ClInclude Include="..\public\Client_Enum.h">
      <Filter>99.Headers</Filter>
    </ClInclude>
    <ClInclude Include="..\public\Level_Logo.h">
      <Filter>01.Levels\Logo</Filter>
    </ClInclude>
    <ClInclude Include="..\public\Level_Loading.h">
      <Filter>01.Levels\Loading</Filter>
    </ClInclude>
    <ClInclude Include="..\public\BackGround.h">
      <Filter>02.GameObjects\Map\BackGround</Filter>
    </ClInclude>
    <ClInclude Include="..\public\Terrain.h">
      <Filter>02.GameObjects\Map\Terrain</Filter>
    </ClInclude>
    <ClInclude Include="..\public\Dynamic_Camera.h">
      <Filter>02.GameObjects\Camera\DynamicCamera</Filter>
    </ClInclude>
    <ClInclude Include="..\public\MyCube.h">
      <Filter>02.GameObjects\Statue\Mycube</Filter>
    </ClInclude>
    <ClInclude Include="..\public\Client_Macro.h">
      <Filter>99.Headers</Filter>
    </ClInclude>
    <ClInclude Include="..\public\UI_Camera.h">
      <Filter>02.GameObjects\Camera\UI_Camera</Filter>
    </ClInclude>
    <ClInclude Include="..\public\UI.h">
      <Filter>02.GameObjects\UI</Filter>
    </ClInclude>
    <ClInclude Include="..\public\Statue.h">
      <Filter>02.GameObjects\Statue</Filter>
    </ClInclude>
    <ClInclude Include="..\public\Portrait.h">
      <Filter>02.GameObjects\UI\GamePlayUI\Portrait</Filter>
    </ClInclude>
    <ClInclude Include="..\public\Loader.h">
      <Filter>01.Levels\Loading\Loader</Filter>
    </ClInclude>
    <ClInclude Include="..\public\Effect.h">
      <Filter>02.GameObjects\Effect</Filter>
    </ClInclude>
    <ClInclude Include="..\public\Explosion.h">
      <Filter>02.GameObjects\Effect\old\Explosion</Filter>
    </ClInclude>
    <ClInclude Include="..\public\Pawn.h">
      <Filter>02.GameObjects\Pawn</Filter>
    </ClInclude>
    <ClInclude Include="..\public\Monster.h">
      <Filter>02.GameObjects\Monster</Filter>
    </ClInclude>
    <ClInclude Include="..\public\Boss.h">
      <Filter>02.GameObjects\Boss</Filter>
    </ClInclude>
    <ClInclude Include="..\public\Item.h">
      <Filter>02.GameObjects\Item</Filter>
    </ClInclude>
    <ClInclude Include="..\public\Bullet.h">
      <Filter>02.GameObjects\Bullet</Filter>
    </ClInclude>
    <ClInclude Include="..\public\Map.h">
      <Filter>02.GameObjects\Map</Filter>
    </ClInclude>
    <ClInclude Include="..\public\Trapezoid.h">
      <Filter>02.GameObjects\Statue\Trapezoid</Filter>
    </ClInclude>
    <ClInclude Include="..\public\Font.h">
      <Filter>02.GameObjects\UI\Font</Filter>
    </ClInclude>
    <ClInclude Include="..\public\Font_MediumBlue.h">
      <Filter>02.GameObjects\UI\Font\Font_MediumBlue</Filter>
    </ClInclude>
    <ClInclude Include="..\public\Aim.h">
      <Filter>02.GameObjects\UI\GamePlayUI\Aim</Filter>
    </ClInclude>
    <ClInclude Include="..\public\Armor.h">
      <Filter>02.GameObjects\UI\GamePlayUI\Armor</Filter>
    </ClInclude>
    <ClInclude Include="..\public\Ammo.h">
      <Filter>02.GameObjects\UI\GamePlayUI\Ammo</Filter>
    </ClInclude>
    <ClInclude Include="..\public\Common_Shape.h">
      <Filter>02.GameObjects\Statue\Common_Shape</Filter>
    </ClInclude>
    <ClInclude Include="..\public\Cabinet.h">
      <Filter>02.GameObjects\Statue\Cabinet</Filter>
    </ClInclude>
    <ClInclude Include="..\public\DebugMode.h">
      <Filter>02.GameObjects\__DebugMode</Filter>
    </ClInclude>
    <ClInclude Include="..\public\Level_GamePlay.h">
      <Filter>01.Levels\GamePlay</Filter>
    </ClInclude>
    <ClInclude Include="..\public\Button.h">
      <Filter>02.GameObjects\UI\Button</Filter>
    </ClInclude>
    <ClInclude Include="..\public\PSystem.h">
      <Filter>02.GameObjects\Particle\System</Filter>
    </ClInclude>
    <ClInclude Include="..\public\Particle_Define.h">
      <Filter>02.GameObjects\Particle\Define</Filter>
    </ClInclude>
    <ClInclude Include="..\public\Firework.h">
      <Filter>02.GameObjects\Particle\Firework</Filter>
    </ClInclude>
    <ClInclude Include="..\public\EmptyBullet.h">
      <Filter>02.GameObjects\Particle\EmtyBullet</Filter>
    </ClInclude>
    <ClInclude Include="..\public\Rain.h">
      <Filter>02.GameObjects\Particle\Rain</Filter>
    </ClInclude>
    <ClInclude Include="..\public\UI_Manager.h">
      <Filter>02.GameObjects\UI\Manager</Filter>
    </ClInclude>
    <ClInclude Include="..\public\MainMenu.h">
      <Filter>02.GameObjects\UI\MenuUI\MainMenu</Filter>
    </ClInclude>
    <ClInclude Include="..\public\Font_BigOrange.h">
      <Filter>02.GameObjects\UI\Font\Font_BigOrange</Filter>
    </ClInclude>
    <ClInclude Include="..\public\Font_BigSilver.h">
      <Filter>02.GameObjects\UI\Font\Font_BigSilver</Filter>
    </ClInclude>
    <ClInclude Include="..\public\Font_TinyBlue.h">
      <Filter>02.GameObjects\UI\Font\Font_TinyBlue</Filter>
    </ClInclude>
    <ClInclude Include="..\public\Button_Test.h">
      <Filter>02.GameObjects\UI\Button</Filter>
    </ClInclude>
    <ClInclude Include="..\public\Logo.h">
      <Filter>02.GameObjects\UI\MenuUI\MainMenu</Filter>
    </ClInclude>
    <ClInclude Include="..\public\LoadingMenu.h">
      <Filter>02.GameObjects\UI\MenuUI\LoadingMenu</Filter>
    </ClInclude>
    <ClInclude Include="..\public\Smoke.h">
      <Filter>02.GameObjects\Particle\Smoke</Filter>
    </ClInclude>
    <ClInclude Include="..\public\Sprite.h">
      <Filter>02.GameObjects\Effect\Sprite</Filter>
    </ClInclude>
    <ClInclude Include="..\public\Tornado.h">
      <Filter>02.GameObjects\Particle\Tornado</Filter>
    </ClInclude>
    <ClInclude Include="..\public\CameraSprite.h">
      <Filter>02.GameObjects\Effect\CameraSprite</Filter>
    </ClInclude>
    <ClInclude Include="..\public\FPS_Camera.h">
      <Filter>02.GameObjects\Camera\FPSCamera</Filter>
    </ClInclude>
    <ClInclude Include="..\public\CameraManager.h">
      <Filter>02.GameObjects\Camera\Manager</Filter>
    </ClInclude>
    <ClInclude Include="..\public\Item_Ammo.h">
      <Filter>02.GameObjects\Item\Item_Ammo</Filter>
    </ClInclude>
    <ClInclude Include="..\public\Signboard.h">
      <Filter>02.GameObjects\Statue\Signboard</Filter>
    </ClInclude>
    <ClInclude Include="..\public\Stall.h">
      <Filter>02.GameObjects\Statue\Stall</Filter>
    </ClInclude>
    <ClInclude Include="..\public\MyComputer.h">
      <Filter>02.GameObjects\Statue\MyComputer</Filter>
    </ClInclude>
    <ClInclude Include="..\public\TestBullet.h">
      <Filter>02.GameObjects\Bullet\TestBullet</Filter>
    </ClInclude>
    <ClInclude Include="..\public\Player.h">
      <Filter>02.GameObjects\Pawn\Player</Filter>
    </ClInclude>
    <ClInclude Include="..\public\TestMonster.h">
      <Filter>02.GameObjects\Monster\TestMonster</Filter>
    </ClInclude>
    <ClInclude Include="..\public\Weapon.h">
      <Filter>02.GameObjects\Weapon</Filter>
    </ClInclude>
    <ClInclude Include="..\public\Weapon_Chaingun.h">
      <Filter>02.GameObjects\Weapon\Chaingun</Filter>
    </ClInclude>
    <ClInclude Include="..\public\Weapon_LoverBoy.h">
      <Filter>02.GameObjects\Weapon\LoverBoy</Filter>
    </ClInclude>
    <ClInclude Include="..\public\Level_Test.h">
      <Filter>01.Levels\Test</Filter>
    </ClInclude>
    <ClInclude Include="..\public\Block.h">
      <Filter>02.GameObjects\Map\Block</Filter>
    </ClInclude>
    <ClInclude Include="..\public\TestTerrain.h">
      <Filter>02.GameObjects\Map\TextTerrain</Filter>
    <ClInclude Include="..\public\Client_Function.h">
      <Filter>99.Headers</Filter>
    </ClInclude>
    <ClInclude Include="..\Imgui\imgui.h">
      <Filter>100.Imgui</Filter>
    </ClInclude>
    <ClInclude Include="..\Imgui\imgui_impl_dx9.h">
      <Filter>100.Imgui</Filter>
    </ClInclude>
    <ClInclude Include="..\Imgui\imgui_impl_win32.h">
      <Filter>100.Imgui</Filter>
    </ClInclude>
    <ClInclude Include="..\Imgui\imgui_internal.h">
      <Filter>100.Imgui</Filter>
    </ClInclude>
    <ClInclude Include="..\Imgui\imstb_rectpack.h">
      <Filter>100.Imgui</Filter>
    </ClInclude>
    <ClInclude Include="..\Imgui\imstb_textedit.h">
      <Filter>100.Imgui</Filter>
    </ClInclude>
    <ClInclude Include="..\Imgui\imstb_truetype.h">
      <Filter>100.Imgui</Filter>
    </ClInclude>
    <ClInclude Include="..\Imgui\imconfig.h">
      <Filter>100.Imgui</Filter>
    </ClInclude>
    <ClInclude Include="..\public\Button_Main.h">
      <Filter>02.GameObjects\UI\Button</Filter>
    </ClInclude>
    <ClInclude Include="..\public\FadeUI.h">
      <Filter>02.GameObjects\UI\MenuUI</Filter>
    </ClInclude>
    <ClInclude Include="..\public\ItemDialog.h" />
    <ClInclude Include="..\public\Sphere.h">
      <Filter>02.GameObjects\Particle\Sphere</Filter>
    </ClInclude>
    <ClInclude Include="..\public\Dust.h">
      <Filter>02.GameObjects\Particle\Dust</Filter>
    </ClInclude>
    <ClInclude Include="..\public\ScreenDust.h">
      <Filter>02.GameObjects\UI\MenuUI\MainMenu</Filter>
    </ClInclude>
  </ItemGroup>
  <ItemGroup>
    <Image Include="Client.ico">
      <Filter>98.Default</Filter>
    </Image>
    <Image Include="small.ico">
      <Filter>98.Default</Filter>
    </Image>
  </ItemGroup>
  <ItemGroup>
    <ResourceCompile Include="Client.rc">
      <Filter>98.Default</Filter>
    </ResourceCompile>
  </ItemGroup>
  <ItemGroup>
    <ClCompile Include="Client.cpp">
      <Filter>98.Default</Filter>
    </ClCompile>
    <ClCompile Include="MainApp.cpp">
      <Filter>00.MainApp</Filter>
    </ClCompile>
    <ClCompile Include="..\Private\Level_Logo.cpp">
      <Filter>01.Levels\Logo</Filter>
    </ClCompile>
    <ClCompile Include="..\private\Level_Loading.cpp">
      <Filter>01.Levels\Loading</Filter>
    </ClCompile>
    <ClCompile Include="..\private\Loader.cpp">
      <Filter>01.Levels\Loading\Loader</Filter>
    </ClCompile>
    <ClCompile Include="..\Private\BackGround.cpp">
      <Filter>02.GameObjects\Map\BackGround</Filter>
    </ClCompile>
    <ClCompile Include="..\private\Terrain.cpp">
      <Filter>02.GameObjects\Map\Terrain</Filter>
    </ClCompile>
    <ClCompile Include="..\private\Dynamic_Camera.cpp">
      <Filter>02.GameObjects\Camera\DynamicCamera</Filter>
    </ClCompile>
    <ClCompile Include="..\private\MyCube.cpp">
      <Filter>02.GameObjects\Statue\Mycube</Filter>
    </ClCompile>
    <ClCompile Include="..\private\UI_Camera.cpp">
      <Filter>02.GameObjects\Camera\UI_Camera</Filter>
    </ClCompile>
    <ClCompile Include="..\private\UI.cpp">
      <Filter>02.GameObjects\UI</Filter>
    </ClCompile>
    <ClCompile Include="..\private\Statue.cpp">
      <Filter>02.GameObjects\Statue</Filter>
    </ClCompile>
    <ClCompile Include="..\private\Portrait.cpp">
      <Filter>02.GameObjects\UI\GamePlayUI\Portrait</Filter>
    </ClCompile>
    <ClCompile Include="..\private\Effect.cpp">
      <Filter>02.GameObjects\Effect</Filter>
    </ClCompile>
    <ClCompile Include="..\private\Explosion.cpp">
      <Filter>02.GameObjects\Effect\old\Explosion</Filter>
    </ClCompile>
    <ClCompile Include="..\private\Pawn.cpp">
      <Filter>02.GameObjects\Pawn</Filter>
    </ClCompile>
    <ClCompile Include="..\private\Monster.cpp">
      <Filter>02.GameObjects\Monster</Filter>
    </ClCompile>
    <ClCompile Include="..\private\Boss.cpp">
      <Filter>02.GameObjects\Boss</Filter>
    </ClCompile>
    <ClCompile Include="..\private\Item.cpp">
      <Filter>02.GameObjects\Item</Filter>
    </ClCompile>
    <ClCompile Include="..\private\Bullet.cpp">
      <Filter>02.GameObjects\Bullet</Filter>
    </ClCompile>
    <ClCompile Include="..\private\Map.cpp">
      <Filter>02.GameObjects\Map</Filter>
    </ClCompile>
    <ClCompile Include="..\private\Trapezoid.cpp">
      <Filter>02.GameObjects\Statue\Trapezoid</Filter>
    </ClCompile>
    <ClCompile Include="..\private\Font.cpp">
      <Filter>02.GameObjects\UI\Font</Filter>
    </ClCompile>
    <ClCompile Include="..\private\Font_MediumBlue.cpp">
      <Filter>02.GameObjects\UI\Font\Font_MediumBlue</Filter>
    </ClCompile>
    <ClCompile Include="..\private\Aim.cpp">
      <Filter>02.GameObjects\UI\GamePlayUI\Aim</Filter>
    </ClCompile>
    <ClCompile Include="..\private\Armor.cpp">
      <Filter>02.GameObjects\UI\GamePlayUI\Armor</Filter>
    </ClCompile>
    <ClCompile Include="..\private\Ammo.cpp">
      <Filter>02.GameObjects\UI\GamePlayUI\Ammo</Filter>
    </ClCompile>
    <ClCompile Include="..\private\Common_Shape.cpp">
      <Filter>02.GameObjects\Statue\Common_Shape</Filter>
    </ClCompile>
    <ClCompile Include="..\private\Cabinet.cpp">
      <Filter>02.GameObjects\Statue\Cabinet</Filter>
    </ClCompile>
    <ClCompile Include="..\private\DebugMode.cpp">
      <Filter>02.GameObjects\__DebugMode</Filter>
    </ClCompile>
    <ClCompile Include="..\private\Player.cpp">
      <Filter>02.GameObjects\Pawn\Player</Filter>
    </ClCompile>
    <ClCompile Include="..\private\Level_GamePlay.cpp">
      <Filter>01.Levels\GamePlay</Filter>
    </ClCompile>
    <ClCompile Include="..\private\Button.cpp">
      <Filter>02.GameObjects\UI\Button</Filter>
    </ClCompile>
    <ClCompile Include="..\private\PSystem.cpp">
      <Filter>02.GameObjects\Particle\System</Filter>
    </ClCompile>
    <ClCompile Include="..\private\Particle_Define.cpp">
      <Filter>02.GameObjects\Particle\Define</Filter>
    </ClCompile>
    <ClCompile Include="..\private\Firework.cpp">
      <Filter>02.GameObjects\Particle\Firework</Filter>
    </ClCompile>
    <ClCompile Include="..\private\EmptyBullet.cpp">
      <Filter>02.GameObjects\Particle\EmtyBullet</Filter>
    </ClCompile>
    <ClCompile Include="..\private\Rain.cpp">
      <Filter>02.GameObjects\Particle\Rain</Filter>
    </ClCompile>
    <ClCompile Include="..\private\UI_Manager.cpp">
      <Filter>02.GameObjects\UI\Manager</Filter>
    </ClCompile>
    <ClCompile Include="..\private\MainMenu.cpp">
      <Filter>02.GameObjects\UI\MenuUI\MainMenu</Filter>
    </ClCompile>
    <ClCompile Include="..\private\Font_TinyBlue.cpp">
      <Filter>02.GameObjects\UI\Font\Font_TinyBlue</Filter>
    </ClCompile>
    <ClCompile Include="..\private\Font_BigSilver.cpp">
      <Filter>02.GameObjects\UI\Font\Font_BigSilver</Filter>
    </ClCompile>
    <ClCompile Include="..\private\Font_BigOrange.cpp">
      <Filter>02.GameObjects\UI\Font\Font_BigOrange</Filter>
    </ClCompile>
    <ClCompile Include="..\private\Button_Test.cpp">
      <Filter>02.GameObjects\UI\Button</Filter>
    </ClCompile>
    <ClCompile Include="..\private\Logo.cpp">
      <Filter>02.GameObjects\UI\MenuUI\MainMenu</Filter>
    </ClCompile>
    <ClCompile Include="..\private\LoadingMenu.cpp">
      <Filter>02.GameObjects\UI\MenuUI\LoadingMenu</Filter>
    </ClCompile>
    <ClCompile Include="..\private\Smoke.cpp">
      <Filter>02.GameObjects\Particle\Smoke</Filter>
    </ClCompile>
    <ClCompile Include="..\private\Sprite.cpp">
      <Filter>02.GameObjects\Effect\Sprite</Filter>
    </ClCompile>
    <ClCompile Include="..\private\Tornado.cpp">
      <Filter>02.GameObjects\Particle\Tornado</Filter>
    </ClCompile>
    <ClCompile Include="..\private\CameraSprite.cpp">
      <Filter>02.GameObjects\Effect\CameraSprite</Filter>
    </ClCompile>
    <ClCompile Include="..\private\FPS_Camera.cpp">
      <Filter>02.GameObjects\Camera\FPSCamera</Filter>
    </ClCompile>
    <ClCompile Include="..\private\CameraManager.cpp">
      <Filter>02.GameObjects\Camera\Manager</Filter>
    </ClCompile>
    <ClCompile Include="..\private\Item_Ammo.cpp">
      <Filter>02.GameObjects\Item\Item_Ammo</Filter>
    </ClCompile>
    <ClCompile Include="..\private\Signboard.cpp">
      <Filter>02.GameObjects\Statue\Signboard</Filter>
    </ClCompile>
    <ClCompile Include="..\private\Stall.cpp">
      <Filter>02.GameObjects\Statue\Stall</Filter>
    </ClCompile>
    <ClCompile Include="..\private\MyComputer.cpp">
      <Filter>02.GameObjects\Statue\MyComputer</Filter>
    </ClCompile>
    <ClCompile Include="..\private\TestBullet.cpp">
      <Filter>02.GameObjects\Bullet\TestBullet</Filter>
    </ClCompile>
    <ClCompile Include="..\private\TestMonster.cpp">
      <Filter>02.GameObjects\Monster\TestMonster</Filter>
    </ClCompile>
    <ClCompile Include="..\private\Weapon.cpp">
      <Filter>02.GameObjects\Weapon</Filter>
    </ClCompile>
    <ClCompile Include="..\private\Weapon_Chaingun.cpp">
      <Filter>02.GameObjects\Weapon\Chaingun</Filter>
    </ClCompile>
    <ClCompile Include="..\private\Weapon_LoverBoy.cpp">
      <Filter>02.GameObjects\Weapon\LoverBoy</Filter>
    </ClCompile>
    <ClCompile Include="..\private\Level_Test.cpp">
      <Filter>01.Levels\Test</Filter>
    </ClCompile>
    <ClCompile Include="..\private\Block.cpp">
      <Filter>02.GameObjects\Map\Block</Filter>
    </ClCompile>
    <ClCompile Include="..\private\TestTerrain.cpp">
      <Filter>02.GameObjects\Map\TextTerrain</Filter>
    </ClCompile>

    <ClCompile Include="..\Imgui\imgui.cpp">
      <Filter>100.Imgui</Filter>
    </ClCompile>
    <ClCompile Include="..\Imgui\imgui_demo.cpp">
      <Filter>100.Imgui</Filter>
    </ClCompile>
    <ClCompile Include="..\Imgui\imgui_draw.cpp">
      <Filter>100.Imgui</Filter>
    </ClCompile>
    <ClCompile Include="..\Imgui\imgui_impl_dx9.cpp">
      <Filter>100.Imgui</Filter>
    </ClCompile>
    <ClCompile Include="..\Imgui\imgui_impl_win32.cpp">
      <Filter>100.Imgui</Filter>
    </ClCompile>
    <ClCompile Include="..\Imgui\imgui_tables.cpp">
      <Filter>100.Imgui</Filter>
    </ClCompile>
    <ClCompile Include="..\Imgui\imgui_widgets.cpp">
      <Filter>100.Imgui</Filter>
    </ClCompile>
    <ClCompile Include="..\private\Sphere.cpp">
      <Filter>02.GameObjects\Particle\Sphere</Filter>
    </ClCompile>
    <ClCompile Include="..\private\Dust.cpp">
      <Filter>02.GameObjects\Particle\Dust</Filter>
    </ClCompile>
    <ClCompile Include="..\private\FadeUI.cpp">
      <Filter>02.GameObjects\UI\MenuUI</Filter>
    </ClCompile>
    <ClCompile Include="..\private\Button_Main.cpp">
      <Filter>02.GameObjects\UI\Button</Filter>
    </ClCompile>
    <ClCompile Include="..\private\ItemDialog.cpp" />
  </ItemGroup>
  <ItemGroup>
    <Text Include="ReadMe.txt" />
  </ItemGroup>
</Project>