<?xml version="1.0" encoding="utf-8"?>
<Project ToolsVersion="4.0" xmlns="http://schemas.microsoft.com/developer/msbuild/2003">
  <ItemGroup>
    <Filter Include="99.Headers">
      <UniqueIdentifier>{fcace3ae-9159-40b6-9db2-b1157c2c1a8e}</UniqueIdentifier>
    </Filter>
    <Filter Include="98.Default">
      <UniqueIdentifier>{c71aa598-32ef-4232-87ce-4a5d4dad2483}</UniqueIdentifier>
    </Filter>
    <Filter Include="00.MainApp">
      <UniqueIdentifier>{369681bb-6938-407b-bc8d-ba710eb82c23}</UniqueIdentifier>
    </Filter>
    <Filter Include="01.Levels">
      <UniqueIdentifier>{41256f5c-82f1-4be2-a738-7bf24b49e419}</UniqueIdentifier>
    </Filter>
    <Filter Include="02.GameObjects">
      <UniqueIdentifier>{fc197735-46d5-4551-ad66-96d8601cef85}</UniqueIdentifier>
    </Filter>
    <Filter Include="02.GameObjects\UI">
      <UniqueIdentifier>{23b9363e-bdd8-4f3b-9f9c-091e08b9493e}</UniqueIdentifier>
    </Filter>
    <Filter Include="02.GameObjects\Camera">
      <UniqueIdentifier>{9c2a241e-1c06-4f33-a61d-8fd9f461b352}</UniqueIdentifier>
    </Filter>
    <Filter Include="02.GameObjects\Camera\DynamicCamera">
      <UniqueIdentifier>{84900df6-9242-4f35-8f76-9d8809a6a296}</UniqueIdentifier>
    </Filter>
    <Filter Include="02.GameObjects\Camera\UI_Camera">
      <UniqueIdentifier>{c3f0589f-c020-4a7c-b7db-fa1b105775da}</UniqueIdentifier>
    </Filter>
    <Filter Include="02.GameObjects\Statue">
      <UniqueIdentifier>{3cf1dc92-4e8e-45e5-921e-4c51a5527dfa}</UniqueIdentifier>
    </Filter>
    <Filter Include="02.GameObjects\Effect">
      <UniqueIdentifier>{8a9aaaa4-6267-428d-b1c8-d878c6c1a50a}</UniqueIdentifier>
    </Filter>
    <Filter Include="02.GameObjects\Item">
      <UniqueIdentifier>{ad5b920c-bc1b-4ece-bc65-fdfb9440ecab}</UniqueIdentifier>
    </Filter>
    <Filter Include="02.GameObjects\Monster">
      <UniqueIdentifier>{77e476b8-1434-4864-aee9-655662cb4f88}</UniqueIdentifier>
    </Filter>
    <Filter Include="02.GameObjects\Map">
      <UniqueIdentifier>{d2a1c4aa-b5fb-4b02-8851-a076935131e0}</UniqueIdentifier>
    </Filter>
    <Filter Include="02.GameObjects\Statue\Trapezoid">
      <UniqueIdentifier>{a339b7fc-a5ec-4540-b4db-8ad27a50bc8f}</UniqueIdentifier>
    </Filter>
    <Filter Include="02.GameObjects\UI\GamePlayUI">
      <UniqueIdentifier>{8a2688ce-7eca-4744-84a6-c3f46738eb5a}</UniqueIdentifier>
    </Filter>
    <Filter Include="02.GameObjects\UI\MenuUI">
      <UniqueIdentifier>{17a3f522-58e3-4264-ba9a-2a4adb2d3cc9}</UniqueIdentifier>
    </Filter>
    <Filter Include="02.GameObjects\UI\GamePlayUI\Portrait">
      <UniqueIdentifier>{1f143357-a3b6-4a71-9cbc-224e93371894}</UniqueIdentifier>
    </Filter>
    <Filter Include="02.GameObjects\UI\GamePlayUI\Aim">
      <UniqueIdentifier>{0dbc93d8-f8a4-41c6-a1d1-63543326afe3}</UniqueIdentifier>
    </Filter>
    <Filter Include="02.GameObjects\UI\GamePlayUI\Armor">
      <UniqueIdentifier>{a7860868-7166-44f9-9da5-547dfe0e27fc}</UniqueIdentifier>
    </Filter>
    <Filter Include="02.GameObjects\UI\GamePlayUI\Ammo">
      <UniqueIdentifier>{6ac6bbd6-0b08-4490-b991-2038eb8d0333}</UniqueIdentifier>
    </Filter>
    <Filter Include="02.GameObjects\UI\Font">
      <UniqueIdentifier>{f5358a75-78d6-4a59-9a31-e6b08e83845b}</UniqueIdentifier>
    </Filter>
    <Filter Include="02.GameObjects\UI\Font\Font_MediumBlue">
      <UniqueIdentifier>{74b6fc8d-b0fe-4cb1-aee6-ddc4604bd8d4}</UniqueIdentifier>
    </Filter>
    <Filter Include="02.GameObjects\UI\Font\Font_BigOrange">
      <UniqueIdentifier>{de8b3aab-47b1-4af0-9049-cc8f4c254de1}</UniqueIdentifier>
    </Filter>
    <Filter Include="02.GameObjects\UI\MenuUI\MainMenu">
      <UniqueIdentifier>{6b26a339-37a9-45ca-8210-9c9622a84f31}</UniqueIdentifier>
    </Filter>
    <Filter Include="02.GameObjects\UI\MenuUI\GameMenu">
      <UniqueIdentifier>{b2fb4625-0e8e-4c39-b7ae-7227d0c7990f}</UniqueIdentifier>
    </Filter>
    <Filter Include="02.GameObjects\Statue\Common_Shape">
      <UniqueIdentifier>{77614cdc-4d81-4123-8816-10d06f2ae14c}</UniqueIdentifier>
    </Filter>
    <Filter Include="02.GameObjects\Statue\Cabinet">
      <UniqueIdentifier>{abf68af6-0c29-4236-b45e-f71cab6a041e}</UniqueIdentifier>
    </Filter>
    <Filter Include="02.GameObjects\__DebugMode">
      <UniqueIdentifier>{b4ef907c-f7c8-4b01-a74d-47b229dc7d06}</UniqueIdentifier>
    </Filter>
    <Filter Include="02.GameObjects\Particle">
      <UniqueIdentifier>{3845da3f-5600-47ea-9730-6da610be76f0}</UniqueIdentifier>
    </Filter>
    <Filter Include="02.GameObjects\Particle\Define">
      <UniqueIdentifier>{14992e28-53f8-4c75-9fd1-77ff56588016}</UniqueIdentifier>
    </Filter>
    <Filter Include="02.GameObjects\Particle\System">
      <UniqueIdentifier>{45fe0e3e-a769-4370-b7cb-f9be6b2b1544}</UniqueIdentifier>
    </Filter>
    <Filter Include="02.GameObjects\Particle\Firework">
      <UniqueIdentifier>{969a81fd-fdd0-49e2-981c-a9e19b61be79}</UniqueIdentifier>
    </Filter>
    <Filter Include="02.GameObjects\Particle\Rain">
      <UniqueIdentifier>{96189cf7-b7c7-40be-95de-e7268c1111c0}</UniqueIdentifier>
    </Filter>
    <Filter Include="02.GameObjects\UI\Manager">
      <UniqueIdentifier>{fc895246-0b92-4f60-9433-e7a515c057b1}</UniqueIdentifier>
    </Filter>
    <Filter Include="02.GameObjects\Particle\Smoke">
      <UniqueIdentifier>{85f8522c-054a-4781-bfc6-a727b69453d8}</UniqueIdentifier>
    </Filter>
    <Filter Include="02.GameObjects\Particle\Tornado">
      <UniqueIdentifier>{3cff84a0-00a8-4421-9aa5-494530f71777}</UniqueIdentifier>
    </Filter>
    <Filter Include="02.GameObjects\Effect\CameraSprite">
      <UniqueIdentifier>{781a6385-c83d-44c7-bb96-3ed6a3445a65}</UniqueIdentifier>
    </Filter>
    <Filter Include="02.GameObjects\Camera\FPSCamera">
      <UniqueIdentifier>{3292d9e0-25c2-4673-a3a9-65c79f7f39bc}</UniqueIdentifier>
    </Filter>
    <Filter Include="02.GameObjects\Camera\Manager">
      <UniqueIdentifier>{251a835c-fe80-4960-8da5-f50344efc795}</UniqueIdentifier>
    </Filter>
    <Filter Include="02.GameObjects\Statue\Signboard">
      <UniqueIdentifier>{f980a65b-3298-4b0b-98a2-1d08187c11b7}</UniqueIdentifier>
    </Filter>
    <Filter Include="02.GameObjects\Statue\Stall">
      <UniqueIdentifier>{6b7038bf-ee0e-4aa7-859e-8de7fb9e7cf4}</UniqueIdentifier>
    </Filter>
    <Filter Include="02.GameObjects\Statue\MyComputer">
      <UniqueIdentifier>{e32324b5-99a3-49b9-821e-a8a6ff169fb0}</UniqueIdentifier>
    </Filter>
    <Filter Include="02.GameObjects\UI\Font\Font_TinyBlue">
      <UniqueIdentifier>{e73131f6-e2be-489a-84c2-c9a3ae0eb8c1}</UniqueIdentifier>
    </Filter>
    <Filter Include="02.GameObjects\UI\Font\Font_BigSilver">
      <UniqueIdentifier>{9f63eadd-9790-4713-be66-28482d1458fb}</UniqueIdentifier>
    </Filter>
    <Filter Include="02.GameObjects\UI\MenuUI\LoadingMenu">
      <UniqueIdentifier>{dd5a48aa-1696-4a1d-ab26-6e5a44c91854}</UniqueIdentifier>
    </Filter>
    <Filter Include="02.GameObjects\UI\Button">
      <UniqueIdentifier>{4a9434f2-285b-4625-b208-c24b1d822db7}</UniqueIdentifier>
    </Filter>
    <Filter Include="02.GameObjects\Item\Item_Ammo">
      <UniqueIdentifier>{d1aca46f-c220-419d-9122-7d021650f192}</UniqueIdentifier>
    </Filter>
    <Filter Include="02.GameObjects\Item\Item_Medkit">
      <UniqueIdentifier>{c4d0bab2-7f74-4cea-a8bd-ecf3b8c3154e}</UniqueIdentifier>
    </Filter>
    <Filter Include="02.GameObjects\Particle\EmtyBullet">
      <UniqueIdentifier>{f0e372d5-eb30-435c-9f67-b6cb449f4d50}</UniqueIdentifier>
    </Filter>
    <Filter Include="02.GameObjects\Map\BackGround">
      <UniqueIdentifier>{cacde4f5-7fc7-406d-9ed5-7a738becec0f}</UniqueIdentifier>
    </Filter>
    <Filter Include="02.GameObjects\Map\Terrain">
      <UniqueIdentifier>{9de21c46-a0f5-43b6-8a26-1378d9bcc1aa}</UniqueIdentifier>
    </Filter>
    <Filter Include="02.GameObjects\Statue\Mycube">
      <UniqueIdentifier>{866631c5-e2bd-4cb1-8c4f-cb7e7ba7d676}</UniqueIdentifier>
    </Filter>
    <Filter Include="02.GameObjects\Map\Block">
      <UniqueIdentifier>{c8ed5851-d677-4b27-bbf4-5114c532d80d}</UniqueIdentifier>
    </Filter>
    <Filter Include="100.Imgui">
      <UniqueIdentifier>{5dfc6c89-573a-44c3-81d7-b3a0d6305c09}</UniqueIdentifier>
    </Filter>
    <Filter Include="02.GameObjects\UI\GamePlayUI\ItemDialog">
      <UniqueIdentifier>{66e93016-322f-43a1-83a6-f8b9aad04f9f}</UniqueIdentifier>
    </Filter>
    <Filter Include="02.GameObjects\Particle\Sphere">
      <UniqueIdentifier>{a9c1ba05-185c-43aa-877b-e3de27885e20}</UniqueIdentifier>
    </Filter>
    <Filter Include="02.GameObjects\Particle\Dust">
      <UniqueIdentifier>{dcba56ee-b74b-4834-a20b-e207bc10d479}</UniqueIdentifier>
    </Filter>
    <Filter Include="02.GameObjects\Statue\Canopy">
      <UniqueIdentifier>{c1707e91-5885-47d3-b55f-de3afe7fc708}</UniqueIdentifier>
    </Filter>
    <Filter Include="02.GameObjects\Monster\Ttakkeun_i">
      <UniqueIdentifier>{3674c8bc-204a-4475-9166-b2788d2c5c42}</UniqueIdentifier>
    </Filter>
    <Filter Include="02.GameObjects\Map\Race">
      <UniqueIdentifier>{c6e4dfd4-97b2-4b0a-80f3-abd67204c7e4}</UniqueIdentifier>
    </Filter>
    <Filter Include="02.GameObjects\Item\Item_CardKey">
      <UniqueIdentifier>{2d398edf-25e0-4a77-b816-89344c9bb9d5}</UniqueIdentifier>
    </Filter>
    <Filter Include="02.GameObjects\Statue\RaceLandscape">
      <UniqueIdentifier>{e970d7e2-082c-4f92-b341-18de7fa88d32}</UniqueIdentifier>
    </Filter>
    <Filter Include="02.GameObjects\Effect\Flatform">
      <UniqueIdentifier>{52256a0c-e710-4890-9012-d05bdea9288a}</UniqueIdentifier>
    </Filter>
    <Filter Include="02.GameObjects\Monster\Archangel">
      <UniqueIdentifier>{cba87238-e97b-47bc-a85a-d58d109760a7}</UniqueIdentifier>
    </Filter>
    <Filter Include="02.GameObjects\Monster\Cultist">
      <UniqueIdentifier>{58112894-05c1-49a0-8461-112bacee3953}</UniqueIdentifier>
    </Filter>
    <Filter Include="02.GameObjects\Monster\Deacon">
      <UniqueIdentifier>{7784ae78-96eb-4983-840d-142865d3dc10}</UniqueIdentifier>
    </Filter>
    <Filter Include="02.GameObjects\Monster\Greater">
      <UniqueIdentifier>{5e254a44-72e0-47c7-a96d-8e5e2aa9382c}</UniqueIdentifier>
    </Filter>
    <Filter Include="02.GameObjects\Monster\Mechsect">
      <UniqueIdentifier>{d25b2d25-7c4d-4be7-8384-812bfd8f66a1}</UniqueIdentifier>
    </Filter>
    <Filter Include="02.GameObjects\Monster\Nukemutant">
      <UniqueIdentifier>{56fc1e64-8489-4d03-abbb-a2ebd3f2255e}</UniqueIdentifier>
    </Filter>
    <Filter Include="02.GameObjects\Monster\Shotgunner">
      <UniqueIdentifier>{220f67c9-296a-46e7-b758-d0064272c0f1}</UniqueIdentifier>
    </Filter>
    <Filter Include="02.GameObjects\Monster\Wenteko">
      <UniqueIdentifier>{d0d89bb1-04c7-44e4-acff-9f81f6918e75}</UniqueIdentifier>
    </Filter>
    <Filter Include="02.GameObjects\Particle\Blood">
      <UniqueIdentifier>{ce8a429a-458d-4ad7-940a-1efe846fda03}</UniqueIdentifier>
    </Filter>
    <Filter Include="02.GameObjects\Particle\BulletImpactSpark">
      <UniqueIdentifier>{29b9af98-8f5d-4995-b0cb-a6d9d6b5145d}</UniqueIdentifier>
    </Filter>
    <Filter Include="02.GameObjects\Monster\_Debug">
      <UniqueIdentifier>{57b6a1b0-b026-46b5-8de8-642b17c2932c}</UniqueIdentifier>
    </Filter>
    <Filter Include="02.GameObjects\Statue\BuildingH">
      <UniqueIdentifier>{f997c486-91f6-451b-86ed-1163c494293d}</UniqueIdentifier>
    </Filter>
    <Filter Include="02.GameObjects\Map\TriangularPillar">
      <UniqueIdentifier>{e0877313-a573-4097-b9af-652087cb7a4b}</UniqueIdentifier>
    </Filter>
    <Filter Include="02.GameObjects\Statue\BuildingW">
      <UniqueIdentifier>{a73000c8-acfc-4a7c-9145-d8ba4a3b63e2}</UniqueIdentifier>
    </Filter>
    <Filter Include="02.GameObjects\Statue\BuildingV">
      <UniqueIdentifier>{c7a153e3-4a3d-45e2-91bb-a70163e921fd}</UniqueIdentifier>
    </Filter>
    <Filter Include="02.GameObjects\UI\MenuUI\LevelLoadingMenu">
      <UniqueIdentifier>{f9967e05-e098-4fcc-b1ea-218980f9bbda}</UniqueIdentifier>
    </Filter>
    <Filter Include="02.GameObjects\Statue\BuildingU">
      <UniqueIdentifier>{7384122a-f587-4088-8d84-249653a83ad1}</UniqueIdentifier>
    </Filter>
    <Filter Include="02.GameObjects\Camera\TPSCamera">
      <UniqueIdentifier>{61f18ba6-ab02-41a7-940c-1548937d2c40}</UniqueIdentifier>
    </Filter>
    <Filter Include="02.GameObjects\Particle\_BossMobSkill">
      <UniqueIdentifier>{4b9d5646-014e-4fba-8a94-9dc4dc172dab}</UniqueIdentifier>
    </Filter>
    <Filter Include="02.GameObjects\Particle\_BossMobSkill\FireAttack">
      <UniqueIdentifier>{e9a31001-6a3a-443b-85d2-84aee3ab7729}</UniqueIdentifier>
    </Filter>
    <Filter Include="02.GameObjects\Map\InvisibleBlock">
      <UniqueIdentifier>{f5c3a730-75a7-45ab-92af-11a9799408f1}</UniqueIdentifier>
    </Filter>
    <Filter Include="02.GameObjects\Map\AnimeBlock">
      <UniqueIdentifier>{9228408d-f530-470a-93e5-e0c57fcaadc5}</UniqueIdentifier>
    </Filter>
    <Filter Include="02.GameObjects\Map\AnimeRect">
      <UniqueIdentifier>{683c6ea8-a0b1-4e95-8def-f1d0be8d0a57}</UniqueIdentifier>
    </Filter>
    <Filter Include="02.GameObjects\Map\AnimeRect\Lava">
      <UniqueIdentifier>{6a80bdca-69f5-473a-b1af-99ee2717bba3}</UniqueIdentifier>
    </Filter>
    <Filter Include="02.GameObjects\Map\AlphaBlock">
      <UniqueIdentifier>{2d3f0690-093a-42cd-9b42-1ba56b35a182}</UniqueIdentifier>
    </Filter>
    <Filter Include="02.GameObjects\Particle\_BossMobSkill\FlyAttack">
      <UniqueIdentifier>{1e364046-6bff-481a-8049-3efda6bb3683}</UniqueIdentifier>
    </Filter>
    <Filter Include="02.GameObjects\Weapon\Bullet\MonsterBullet">
      <UniqueIdentifier>{1bd0cbf5-9a36-4776-b30d-fe67d9d6090b}</UniqueIdentifier>
    </Filter>
    <Filter Include="02.GameObjects\Particle\_BossMobSkill\FlyEffect">
      <UniqueIdentifier>{aaa7ff1c-ea40-474f-b424-9f379b6ca4f9}</UniqueIdentifier>
    </Filter>
    <Filter Include="02.GameObjects\Statue\RaceGate">
      <UniqueIdentifier>{fc288ff0-b5bb-4ed0-b86b-ee91ca2a1905}</UniqueIdentifier>
    </Filter>
    <Filter Include="02.GameObjects\Statue\RaceCylinder">
      <UniqueIdentifier>{957b9be7-f973-43db-a076-4a5a5d555ea3}</UniqueIdentifier>
    </Filter>
    <Filter Include="02.GameObjects\Statue\StreetLamp">
      <UniqueIdentifier>{24b83101-2a69-4027-a895-fc7627167812}</UniqueIdentifier>
    </Filter>
    <Filter Include="02.GameObjects\Statue\StreetLamp\Head">
      <UniqueIdentifier>{da0e366d-9c74-4eac-a0ec-2cb765238ef0}</UniqueIdentifier>
    </Filter>
    <Filter Include="02.GameObjects\Statue\StreetLamp\NewFilter1">
      <UniqueIdentifier>{2e57f387-a905-4917-874b-cda316e94fba}</UniqueIdentifier>
    </Filter>
    <Filter Include="02.GameObjects\Map\AlphaRect">
      <UniqueIdentifier>{60d0fe13-9f07-43e3-896e-3ed65200690c}</UniqueIdentifier>
    </Filter>
    <Filter Include="02.GameObjects\Map\BossBridge">
      <UniqueIdentifier>{1c4ad648-28fa-4982-8bc2-f061d7f96695}</UniqueIdentifier>
    </Filter>
    <Filter Include="02.GameObjects\Particle\_BossMobSkill\JumpAttack">
      <UniqueIdentifier>{7fdd175d-aa74-493e-a0d1-fce9abb340a6}</UniqueIdentifier>
    </Filter>
    <Filter Include="97. ShaderFIles">
      <UniqueIdentifier>{3970e915-f723-49bb-a664-32766fb16030}</UniqueIdentifier>
    </Filter>
    <Filter Include="01.Levels\00. Loading">
      <UniqueIdentifier>{cd6f1077-a658-4259-ad08-ca7b827e1e50}</UniqueIdentifier>
    </Filter>
    <Filter Include="01.Levels\00. Loading\Loader">
      <UniqueIdentifier>{a4567c73-3efb-4ce1-a29b-da4945a9cb93}</UniqueIdentifier>
    </Filter>
    <Filter Include="01.Levels\01. Logo">
      <UniqueIdentifier>{a926e41f-b171-4b7c-90c8-605be1a166f7}</UniqueIdentifier>
    </Filter>
    <Filter Include="01.Levels\04. Race">
      <UniqueIdentifier>{27f94f0c-0863-4cd2-b493-30a0998805a9}</UniqueIdentifier>
    </Filter>
    <Filter Include="01.Levels\05. Boss">
      <UniqueIdentifier>{fb67a493-7c28-490a-9c62-08f4fccbf0d7}</UniqueIdentifier>
    </Filter>
    <Filter Include="01.Levels\99. GamePlay">
      <UniqueIdentifier>{efb49076-2627-4a87-abf5-c51f865b5c61}</UniqueIdentifier>
    </Filter>
    <Filter Include="01.Levels\03. Outdoor">
      <UniqueIdentifier>{6d6e6a6a-af45-4a1a-a5d9-a8592fe5b4a3}</UniqueIdentifier>
    </Filter>
    <Filter Include="01.Levels\02. Indoor">
      <UniqueIdentifier>{28e29652-c666-48a6-98b3-c2bfe2ffccd2}</UniqueIdentifier>
    </Filter>
    <Filter Include="01.Levels\04. Race\First">
      <UniqueIdentifier>{69a31c4c-6f81-4bce-9c0b-0edbe3ccbff8}</UniqueIdentifier>
    </Filter>
    <Filter Include="01.Levels\04. Race\Second">
      <UniqueIdentifier>{01347779-2021-476c-97fb-934d1a3a0324}</UniqueIdentifier>
    </Filter>
    <Filter Include="01.Levels\04. Race\Third">
      <UniqueIdentifier>{ddbf0416-6761-4365-babd-545fed9fd109}</UniqueIdentifier>
    </Filter>
    <Filter Include="02.GameObjects\Map\Water">
      <UniqueIdentifier>{f77f54b1-1a1d-4f3e-bdfe-494ddfc8483e}</UniqueIdentifier>
    </Filter>
    <Filter Include="02.GameObjects\Map\Sky">
      <UniqueIdentifier>{fb8359a3-f88c-4a22-b9c2-02ed4a1506ae}</UniqueIdentifier>
    </Filter>
    <Filter Include="02.GameObjects\Weapon">
      <UniqueIdentifier>{1900a8f1-bff3-459a-95e2-ec863394fc4b}</UniqueIdentifier>
    </Filter>
    <Filter Include="02.GameObjects\Weapon\Chaingun">
      <UniqueIdentifier>{0ada8d69-d5db-4a48-817d-d7da67427bde}</UniqueIdentifier>
    </Filter>
    <Filter Include="02.GameObjects\Weapon\LoverBoy">
      <UniqueIdentifier>{938caa6e-991d-4371-8c1a-c40eec5364c9}</UniqueIdentifier>
    </Filter>
    <Filter Include="02.GameObjects\Weapon\Bullet">
      <UniqueIdentifier>{c524e1eb-809f-4b51-8e3c-f61d479c62da}</UniqueIdentifier>
    </Filter>
    <Filter Include="02.GameObjects\Weapon\Bullet\TestBullet">
      <UniqueIdentifier>{550edbb4-3757-490f-81e5-8aa4b514eba1}</UniqueIdentifier>
    </Filter>
    <Filter Include="02.GameObjects\Weapon\Bullet\GrenadeBullet">
      <UniqueIdentifier>{47b0ffd8-4d8c-4380-9653-781fcca31fa8}</UniqueIdentifier>
    </Filter>
    <Filter Include="02.GameObjects\Weapon\Bullet\MonsterBullet">
      <UniqueIdentifier>{1bd0cbf5-9a36-4776-b30d-fe67d9d6090b}</UniqueIdentifier>
    </Filter>
    <Filter Include="02.GameObjects\Weapon\Bullet\MonsterGuidBullet">
      <UniqueIdentifier>{a38e0d7f-b59a-4b46-833b-930cd65c1a76}</UniqueIdentifier>
    </Filter>
    <Filter Include="02.GameObjects\Weapon\Bullet\MonsterNormalBullet">
      <UniqueIdentifier>{9838155a-0a57-4175-a485-3881d56f1f12}</UniqueIdentifier>
    </Filter>
    <Filter Include="02.GameObjects\Weapon\Dispenser">
      <UniqueIdentifier>{d3270a12-1da4-4bff-8f8c-218809b8f72b}</UniqueIdentifier>
    </Filter>
    <Filter Include="02.GameObjects\Effect\Sprite">
      <UniqueIdentifier>{b3565773-83e2-4e30-8f32-cab1a75b2fc7}</UniqueIdentifier>
    </Filter>
    <Filter Include="02.GameObjects\Map\Trigger">
      <UniqueIdentifier>{3fb89945-b064-48a0-997b-ad2f1de23d5e}</UniqueIdentifier>
    </Filter>
    <Filter Include="02.GameObjects\Map\Interactive_Block">
      <UniqueIdentifier>{6838db21-fb4b-48a5-8164-830aba5e86eb}</UniqueIdentifier>
    </Filter>
    <Filter Include="02.GameObjects\Statue\Forest">
      <UniqueIdentifier>{66ca96fb-f2ca-4d77-8482-a599c5fd782d}</UniqueIdentifier>
    </Filter>
    <Filter Include="02.GameObjects\Statue\Rock">
      <UniqueIdentifier>{5c28e436-6909-4a49-b7f7-3d6e2349fa5c}</UniqueIdentifier>
    </Filter>
    <Filter Include="02.GameObjects\Pawn">
      <UniqueIdentifier>{c35da08a-421c-4a11-ba53-b81fa4888a6e}</UniqueIdentifier>
    </Filter>
    <Filter Include="02.GameObjects\Pawn\Player">
      <UniqueIdentifier>{7824ea17-ff1a-481c-ab6e-d2abce003704}</UniqueIdentifier>
    </Filter>
    <Filter Include="02.GameObjects\Pawn\PlayerOnBoat">
      <UniqueIdentifier>{7efd6090-538e-41fe-a189-bea97aeafa1a}</UniqueIdentifier>
    </Filter>
    <Filter Include="02.GameObjects\Pawn\PlayerOnBoat\State">
      <UniqueIdentifier>{d271f4e8-7a83-4fd9-b606-963f509fc12a}</UniqueIdentifier>
    </Filter>
    <Filter Include="02.GameObjects\Pawn\PlayerOnBoat\State\Normal">
      <UniqueIdentifier>{c7d95076-a309-4a35-9934-64b7122ea0fd}</UniqueIdentifier>
    </Filter>
    <Filter Include="02.GameObjects\Pawn\PlayerOnBoat\State\Lerp">
      <UniqueIdentifier>{094f8087-7b91-4350-a43d-41d306321b6d}</UniqueIdentifier>
    </Filter>
    <Filter Include="02.GameObjects\Pawn\PlayerOnBoat\State\Accel">
      <UniqueIdentifier>{b2a5e843-0d39-4564-9c01-f58678239d9a}</UniqueIdentifier>
    </Filter>
    <Filter Include="02.GameObjects\Pawn\PlayerOnBoat\State\Decel">
      <UniqueIdentifier>{1e5a2d16-c1de-4c16-9f97-e4af5cea9f52}</UniqueIdentifier>
    </Filter>
    <Filter Include="02.GameObjects\Statue\Forest">
      <UniqueIdentifier>{36987c60-46ac-4489-b37a-a6c1af9ba24a}</UniqueIdentifier>
    </Filter>
    <Filter Include="02.GameObjects\Statue\Rock">
      <UniqueIdentifier>{8ad2e845-927a-47d5-bacb-8404302cefed}</UniqueIdentifier>
    </Filter>
    <Filter Include="02.GameObjects\Particle\_BossMobSkill\MonsterMissile">
      <UniqueIdentifier>{1e364046-6bff-481a-8049-3efda6bb3683}</UniqueIdentifier>
    </Filter>
    <Filter Include="02.GameObjects\Map\Ladder">
      <UniqueIdentifier>{3fbe9f71-04fb-4e05-80a3-56b1a15641a3}</UniqueIdentifier>
    </Filter>
    <Filter Include="02.GameObjects\Particle\BulletSmoke">
      <UniqueIdentifier>{0c4a7055-ecba-4c91-bd29-3f3a47aaa39c}</UniqueIdentifier>
    </Filter>
    <Filter Include="02.GameObjects\Effect\BulletMark">
      <UniqueIdentifier>{26a13a7f-6446-44f8-9085-93ee889f8665}</UniqueIdentifier>
    </Filter>
  </ItemGroup>
  <ItemGroup>
    <ClInclude Include="Client.h">
      <Filter>98.Default</Filter>
    </ClInclude>
    <ClInclude Include="framework.h">
      <Filter>98.Default</Filter>
    </ClInclude>
    <ClInclude Include="Resource.h">
      <Filter>98.Default</Filter>
    </ClInclude>
    <ClInclude Include="targetver.h">
      <Filter>98.Default</Filter>
    </ClInclude>
    <ClInclude Include="MainApp.h">
      <Filter>00.MainApp</Filter>
    </ClInclude>
    <ClInclude Include="..\public\Client_Defines.h">
      <Filter>99.Headers</Filter>
    </ClInclude>
    <ClInclude Include="..\public\Client_Enum.h">
      <Filter>99.Headers</Filter>
    </ClInclude>
    <ClInclude Include="..\public\Level_Logo.h">
      <Filter>01.Levels\01. Logo</Filter>
    </ClInclude>
    <ClInclude Include="..\public\Level_Loading.h">
      <Filter>01.Levels\00. Loading</Filter>
    </ClInclude>
    <ClInclude Include="..\public\BackGround.h">
      <Filter>02.GameObjects\Map\BackGround</Filter>
    </ClInclude>
    <ClInclude Include="..\public\Terrain.h">
      <Filter>02.GameObjects\Map\Terrain</Filter>
    </ClInclude>
    <ClInclude Include="..\public\Dynamic_Camera.h">
      <Filter>02.GameObjects\Camera\DynamicCamera</Filter>
    </ClInclude>
    <ClInclude Include="..\public\MyCube.h">
      <Filter>02.GameObjects\Statue\Mycube</Filter>
    </ClInclude>
    <ClInclude Include="..\public\Client_Macro.h">
      <Filter>99.Headers</Filter>
    </ClInclude>
    <ClInclude Include="..\public\UI_Camera.h">
      <Filter>02.GameObjects\Camera\UI_Camera</Filter>
    </ClInclude>
    <ClInclude Include="..\public\UI.h">
      <Filter>02.GameObjects\UI</Filter>
    </ClInclude>
    <ClInclude Include="..\public\Statue.h">
      <Filter>02.GameObjects\Statue</Filter>
    </ClInclude>
    <ClInclude Include="..\public\Portrait.h">
      <Filter>02.GameObjects\UI\GamePlayUI\Portrait</Filter>
    </ClInclude>
    <ClInclude Include="..\public\Loader.h">
      <Filter>01.Levels\00. Loading\Loader</Filter>
    </ClInclude>
    <ClInclude Include="..\public\Effect.h">
      <Filter>02.GameObjects\Effect</Filter>
    </ClInclude>
    <ClInclude Include="..\public\Pawn.h">
      <Filter>02.GameObjects\Pawn</Filter>
    </ClInclude>
    <ClInclude Include="..\public\Monster.h">
      <Filter>02.GameObjects\Monster</Filter>
    </ClInclude>
    <ClInclude Include="..\public\Item.h">
      <Filter>02.GameObjects\Item</Filter>
    </ClInclude>
    <ClInclude Include="..\public\Bullet.h">
      <Filter>02.GameObjects\Weapon\Bullet</Filter>
    </ClInclude>
    <ClInclude Include="..\public\Map.h">
      <Filter>02.GameObjects\Map</Filter>
    </ClInclude>
    <ClInclude Include="..\public\Trapezoid.h">
      <Filter>02.GameObjects\Statue\Trapezoid</Filter>
    </ClInclude>
    <ClInclude Include="..\public\Font.h">
      <Filter>02.GameObjects\UI\Font</Filter>
    </ClInclude>
    <ClInclude Include="..\public\Font_MediumBlue.h">
      <Filter>02.GameObjects\UI\Font\Font_MediumBlue</Filter>
    </ClInclude>
    <ClInclude Include="..\public\Aim.h">
      <Filter>02.GameObjects\UI\GamePlayUI\Aim</Filter>
    </ClInclude>
    <ClInclude Include="..\public\Armor.h">
      <Filter>02.GameObjects\UI\GamePlayUI\Armor</Filter>
    </ClInclude>
    <ClInclude Include="..\public\Ammo.h">
      <Filter>02.GameObjects\UI\GamePlayUI\Ammo</Filter>
    </ClInclude>
    <ClInclude Include="..\public\Common_Shape.h">
      <Filter>02.GameObjects\Statue\Common_Shape</Filter>
    </ClInclude>
    <ClInclude Include="..\public\Cabinet.h">
      <Filter>02.GameObjects\Statue\Cabinet</Filter>
    </ClInclude>
    <ClInclude Include="..\public\DebugMode.h">
      <Filter>02.GameObjects\__DebugMode</Filter>
    </ClInclude>
    <ClInclude Include="..\public\Level_GamePlay.h">
      <Filter>01.Levels\99. GamePlay</Filter>
    </ClInclude>
    <ClInclude Include="..\public\Button.h">
      <Filter>02.GameObjects\UI\Button</Filter>
    </ClInclude>
    <ClInclude Include="..\public\PSystem.h">
      <Filter>02.GameObjects\Particle\System</Filter>
    </ClInclude>
    <ClInclude Include="..\public\Particle_Define.h">
      <Filter>02.GameObjects\Particle\Define</Filter>
    </ClInclude>
    <ClInclude Include="..\public\Firework.h">
      <Filter>02.GameObjects\Particle\Firework</Filter>
    </ClInclude>
    <ClInclude Include="..\public\EmptyBullet.h">
      <Filter>02.GameObjects\Particle\EmtyBullet</Filter>
    </ClInclude>
    <ClInclude Include="..\public\Rain.h">
      <Filter>02.GameObjects\Particle\Rain</Filter>
    </ClInclude>
    <ClInclude Include="..\public\UI_Manager.h">
      <Filter>02.GameObjects\UI\Manager</Filter>
    </ClInclude>
    <ClInclude Include="..\public\MainMenu.h">
      <Filter>02.GameObjects\UI\MenuUI\MainMenu</Filter>
    </ClInclude>
    <ClInclude Include="..\public\Font_BigOrange.h">
      <Filter>02.GameObjects\UI\Font\Font_BigOrange</Filter>
    </ClInclude>
    <ClInclude Include="..\public\Font_BigSilver.h">
      <Filter>02.GameObjects\UI\Font\Font_BigSilver</Filter>
    </ClInclude>
    <ClInclude Include="..\public\Font_TinyBlue.h">
      <Filter>02.GameObjects\UI\Font\Font_TinyBlue</Filter>
    </ClInclude>
    <ClInclude Include="..\public\Logo.h">
      <Filter>02.GameObjects\UI\MenuUI\MainMenu</Filter>
    </ClInclude>
    <ClInclude Include="..\public\LoadingMenu.h">
      <Filter>02.GameObjects\UI\MenuUI\LoadingMenu</Filter>
    </ClInclude>
    <ClInclude Include="..\public\Smoke.h">
      <Filter>02.GameObjects\Particle\Smoke</Filter>
    </ClInclude>
    <ClInclude Include="..\public\Sprite.h">
      <Filter>02.GameObjects\Effect\Sprite</Filter>
    </ClInclude>
    <ClInclude Include="..\public\Tornado.h">
      <Filter>02.GameObjects\Particle\Tornado</Filter>
    </ClInclude>
    <ClInclude Include="..\public\CameraSprite.h">
      <Filter>02.GameObjects\Effect\CameraSprite</Filter>
    </ClInclude>
    <ClInclude Include="..\public\FPS_Camera.h">
      <Filter>02.GameObjects\Camera\FPSCamera</Filter>
    </ClInclude>
    <ClInclude Include="..\public\CameraManager.h">
      <Filter>02.GameObjects\Camera\Manager</Filter>
    </ClInclude>
    <ClInclude Include="..\public\Item_Ammo.h">
      <Filter>02.GameObjects\Item\Item_Ammo</Filter>
    </ClInclude>
    <ClInclude Include="..\public\Signboard.h">
      <Filter>02.GameObjects\Statue\Signboard</Filter>
    </ClInclude>
    <ClInclude Include="..\public\Stall.h">
      <Filter>02.GameObjects\Statue\Stall</Filter>
    </ClInclude>
    <ClInclude Include="..\public\MyComputer.h">
      <Filter>02.GameObjects\Statue\MyComputer</Filter>
    </ClInclude>
    <ClInclude Include="..\public\TestBullet.h">
      <Filter>02.GameObjects\Weapon\Bullet\TestBullet</Filter>
    </ClInclude>
    <ClInclude Include="..\public\Player.h">
      <Filter>02.GameObjects\Pawn\Player</Filter>
    </ClInclude>
    <ClInclude Include="..\public\Ttakkeun_i.h">
      <Filter>02.GameObjects\Monster\Ttakkeun_i</Filter>
    </ClInclude>
    <ClInclude Include="..\public\Weapon.h">
      <Filter>02.GameObjects\Weapon</Filter>
    </ClInclude>
    <ClInclude Include="..\public\Weapon_Chaingun.h">
      <Filter>02.GameObjects\Weapon\Chaingun</Filter>
    </ClInclude>
    <ClInclude Include="..\public\Weapon_LoverBoy.h">
      <Filter>02.GameObjects\Weapon\LoverBoy</Filter>
    </ClInclude>
    <ClInclude Include="..\public\Level_Indoor.h">
      <Filter>01.Levels\02. Indoor</Filter>
    </ClInclude>
    <ClInclude Include="..\public\Block.h">
      <Filter>02.GameObjects\Map\Block</Filter>
    </ClInclude>
    <ClInclude Include="..\public\Client_Function.h">
      <Filter>99.Headers</Filter>
    </ClInclude>
    <ClInclude Include="..\Imgui\imgui.h">
      <Filter>100.Imgui</Filter>
    </ClInclude>
    <ClInclude Include="..\Imgui\imgui_impl_dx9.h">
      <Filter>100.Imgui</Filter>
    </ClInclude>
    <ClInclude Include="..\Imgui\imgui_impl_win32.h">
      <Filter>100.Imgui</Filter>
    </ClInclude>
    <ClInclude Include="..\Imgui\imgui_internal.h">
      <Filter>100.Imgui</Filter>
    </ClInclude>
    <ClInclude Include="..\Imgui\imstb_rectpack.h">
      <Filter>100.Imgui</Filter>
    </ClInclude>
    <ClInclude Include="..\Imgui\imstb_textedit.h">
      <Filter>100.Imgui</Filter>
    </ClInclude>
    <ClInclude Include="..\Imgui\imstb_truetype.h">
      <Filter>100.Imgui</Filter>
    </ClInclude>
    <ClInclude Include="..\Imgui\imconfig.h">
      <Filter>100.Imgui</Filter>
    </ClInclude>
    <ClInclude Include="..\public\Button_Main.h">
      <Filter>02.GameObjects\UI\Button</Filter>
    </ClInclude>
    <ClInclude Include="..\public\FadeUI.h">
      <Filter>02.GameObjects\UI\MenuUI</Filter>
    </ClInclude>
    <ClInclude Include="..\public\Sphere.h">
      <Filter>02.GameObjects\Particle\Sphere</Filter>
    </ClInclude>
    <ClInclude Include="..\public\Dust.h">
      <Filter>02.GameObjects\Particle\Dust</Filter>
    </ClInclude>
    <ClInclude Include="..\public\ScreenDust.h">
      <Filter>02.GameObjects\UI\MenuUI\MainMenu</Filter>
    </ClInclude>
    <ClInclude Include="..\public\Flatform.h">
      <Filter>02.GameObjects\Effect\Flatform</Filter>
    </ClInclude>
    <ClInclude Include="..\public\Archangel.h">
      <Filter>02.GameObjects\Monster\Archangel</Filter>
    </ClInclude>
    <ClInclude Include="..\public\Cultist.h">
      <Filter>02.GameObjects\Monster\Cultist</Filter>
    </ClInclude>
    <ClInclude Include="..\public\Deacon.h">
      <Filter>02.GameObjects\Monster\Deacon</Filter>
    </ClInclude>
    <ClInclude Include="..\public\Greater.h">
      <Filter>02.GameObjects\Monster\Greater</Filter>
    </ClInclude>
    <ClInclude Include="..\public\Mechsect.h">
      <Filter>02.GameObjects\Monster\Mechsect</Filter>
    </ClInclude>
    <ClInclude Include="..\public\Nukemutant.h">
      <Filter>02.GameObjects\Monster\Nukemutant</Filter>
    </ClInclude>
    <ClInclude Include="..\public\Shotgunner.h">
      <Filter>02.GameObjects\Monster\Shotgunner</Filter>
    </ClInclude>
    <ClInclude Include="..\public\Wenteko.h">
      <Filter>02.GameObjects\Monster\Wenteko</Filter>
    </ClInclude>
    <ClInclude Include="..\public\FXMgr.h">
      <Filter>02.GameObjects\Particle</Filter>
    </ClInclude>
    <ClInclude Include="..\public\Canopy.h">
      <Filter>02.GameObjects\Statue\Canopy</Filter>
    </ClInclude>
    <ClInclude Include="..\public\RaceTerrain.h">
      <Filter>02.GameObjects\Map\Race</Filter>
    </ClInclude>
    <ClInclude Include="..\public\RaceLandscape.h">
      <Filter>02.GameObjects\Statue\RaceLandscape</Filter>
    </ClInclude>
    <ClInclude Include="..\public\Blood.h">
      <Filter>02.GameObjects\Particle\Blood</Filter>
    </ClInclude>
    <ClInclude Include="..\public\BulletImpactSpark.h">
      <Filter>02.GameObjects\Particle\BulletImpactSpark</Filter>
    </ClInclude>
    <ClInclude Include="..\public\Weapon_Dispenser.h">
      <Filter>02.GameObjects\Weapon\Dispenser</Filter>
    </ClInclude>
    <ClInclude Include="..\public\DebugDraw.h">
      <Filter>02.GameObjects\Monster\_Debug</Filter>
    </ClInclude>
    <ClInclude Include="..\public\PlayerOnBoat.h">
      <Filter>02.GameObjects\Pawn\PlayerOnBoat</Filter>
    </ClInclude>
    <ClInclude Include="..\public\BuildingH.h">
      <Filter>02.GameObjects\Statue\BuildingH</Filter>
    </ClInclude>
    <ClInclude Include="..\public\LevelLoadingMenu.h">
      <Filter>02.GameObjects\UI\MenuUI\LevelLoadingMenu</Filter>
    </ClInclude>
    <ClInclude Include="..\public\BuildingW.h">
      <Filter>02.GameObjects\Statue\BuildingW</Filter>
    </ClInclude>
    <ClInclude Include="..\public\BuildingV.h">
      <Filter>02.GameObjects\Statue\BuildingV</Filter>
    </ClInclude>
    <ClInclude Include="..\public\TriangularPillar.h">
      <Filter>02.GameObjects\Map\TriangularPillar</Filter>
    </ClInclude>
    <ClInclude Include="..\public\FireAttack.h">
      <Filter>02.GameObjects\Particle\_BossMobSkill\FireAttack</Filter>
    </ClInclude>
    <ClInclude Include="..\public\BuildingU.h">
      <Filter>02.GameObjects\Statue\BuildingU</Filter>
    </ClInclude>
    <ClInclude Include="..\public\TPS_Camera.h">
      <Filter>02.GameObjects\Camera\TPSCamera</Filter>
    </ClInclude>
    <ClInclude Include="..\public\GrenadeBullet.h">
      <Filter>02.GameObjects\Weapon\Bullet\GrenadeBullet</Filter>
    </ClInclude>
    <ClInclude Include="..\public\InvisibleBlock.h">
      <Filter>02.GameObjects\Map\InvisibleBlock</Filter>
    </ClInclude>
    <ClInclude Include="..\public\AnimeBlock.h">
      <Filter>02.GameObjects\Map\AnimeBlock</Filter>
    </ClInclude>
    <ClInclude Include="..\public\AnimeRect.h">
      <Filter>02.GameObjects\Map\AnimeRect</Filter>
    </ClInclude>
    <ClInclude Include="..\public\Lava.h">
      <Filter>02.GameObjects\Map\AnimeRect\Lava</Filter>
    </ClInclude>
    <ClInclude Include="..\public\AlphaBlock.h">
      <Filter>02.GameObjects\Map\AlphaBlock</Filter>
    </ClInclude>
    <ClInclude Include="..\public\AlphaRect.h">
      <Filter>02.GameObjects\Map\AlphaRect</Filter>
    </ClInclude>
    <ClInclude Include="..\public\BossBridge.h">
      <Filter>02.GameObjects\Map\BossBridge</Filter>
    </ClInclude>
    <ClInclude Include="..\public\Sky.h">
      <Filter>02.GameObjects\Map\Sky</Filter>
    </ClInclude>
    <ClInclude Include="..\public\RaceGate.h">
      <Filter>02.GameObjects\Statue\RaceGate</Filter>
    </ClInclude>
    <ClInclude Include="..\public\MonsterBullet.h">
      <Filter>02.GameObjects\Weapon\Bullet\MonsterBullet</Filter>
    </ClInclude>
    <ClInclude Include="..\public\Trigger.h">
      <Filter>02.GameObjects\Map\Trigger</Filter>
    </ClInclude>
    <ClInclude Include="..\public\StreetLampHead.h">
      <Filter>02.GameObjects\Statue\StreetLamp\Head</Filter>
    </ClInclude>
    <ClInclude Include="..\public\RaceCylinder.h">
      <Filter>02.GameObjects\Statue\RaceCylinder</Filter>
    </ClInclude>
    <ClInclude Include="..\public\JumpAttack.h">
      <Filter>02.GameObjects\Particle\_BossMobSkill\JumpAttack</Filter>
    </ClInclude>
    <ClInclude Include="..\public\FlyEffect.h">
      <Filter>02.GameObjects\Particle\_BossMobSkill\FlyEffect</Filter>
    </ClInclude>
    <ClInclude Include="..\public\MonsterMissile.h">
      <Filter>02.GameObjects\Particle\_BossMobSkill\MonsterMissile</Filter>
    </ClInclude>
    <ClInclude Include="..\public\MonsterGuidBullet.h">
      <Filter>02.GameObjects\Weapon\Bullet\MonsterGuidBullet</Filter>
    </ClInclude>
    <ClInclude Include="..\public\MonsterNormalBullet.h">
      <Filter>02.GameObjects\Weapon\Bullet\MonsterNormalBullet</Filter>
    </ClInclude>
    <ClInclude Include="..\public\Level_Boss.h">
      <Filter>01.Levels\05. Boss</Filter>
    </ClInclude>
    <ClInclude Include="..\public\Level_RaceFirst.h">
      <Filter>01.Levels\04. Race\First</Filter>
    </ClInclude>
    <ClInclude Include="..\public\Level_RaceSecond.h">
      <Filter>01.Levels\04. Race\Second</Filter>
    </ClInclude>
    <ClInclude Include="..\public\Level_RaceThird.h">
      <Filter>01.Levels\04. Race\Third</Filter>
    </ClInclude>
    <ClInclude Include="..\public\Level_OutDoor.h">
      <Filter>01.Levels\03. Outdoor</Filter>
    </ClInclude>
    <ClInclude Include="..\public\Water.h">
      <Filter>02.GameObjects\Map\Water</Filter>
    </ClInclude>
    <ClInclude Include="..\public\Interactive_Block.h">
      <Filter>02.GameObjects\Map\Interactive_Block</Filter>
    </ClInclude>
    <ClInclude Include="..\public\Interactive_Block.h">
      <Filter>02.GameObjects\Map\Interactive_Block</Filter>
    </ClInclude>
    <ClInclude Include="..\public\Forest.h">
      <Filter>02.GameObjects\Statue\Forest</Filter>
    </ClInclude>
    <ClInclude Include="..\public\Rock.h">
      <Filter>02.GameObjects\Statue\Rock</Filter>
    </ClInclude>
    <ClInclude Include="..\public\PBState.h">
      <Filter>02.GameObjects\Pawn\PlayerOnBoat\State</Filter>
    </ClInclude>
    <ClInclude Include="..\public\PBState_Normal.h">
      <Filter>02.GameObjects\Pawn\PlayerOnBoat\State\Normal</Filter>
    </ClInclude>
    <ClInclude Include="..\public\PBState_Decel.h">
      <Filter>02.GameObjects\Pawn\PlayerOnBoat\State\Decel</Filter>
    </ClInclude>
    <ClInclude Include="..\public\PBState_Lerp.h">
      <Filter>02.GameObjects\Pawn\PlayerOnBoat\State\Lerp</Filter>
      <Filter>02.GameObjects\Statue\Rock</Filter>
    </ClInclude>
    <ClInclude Include="..\public\PBState_Accel.h">
      <Filter>02.GameObjects\Pawn\PlayerOnBoat\State\Accel</Filter>
    </ClInclude>
    <ClInclude Include="..\public\Ladder.h">
      <Filter>02.GameObjects\Map\Ladder</Filter>
    </ClInclude>
    <ClInclude Include="..\public\BulletSmoke.h">
      <Filter>02.GameObjects\Particle\BulletSmoke</Filter>
    </ClInclude>
    <ClInclude Include="..\public\BulletMark.h">
      <Filter>02.GameObjects\Effect\BulletMark</Filter>
    </ClInclude>
  </ItemGroup>
  <ItemGroup>
    <Image Include="Client.ico">
      <Filter>98.Default</Filter>
    </Image>
    <Image Include="small.ico">
      <Filter>98.Default</Filter>
    </Image>
  </ItemGroup>
  <ItemGroup>
    <ResourceCompile Include="Client.rc">
      <Filter>98.Default</Filter>
    </ResourceCompile>
  </ItemGroup>
  <ItemGroup>
    <ClCompile Include="Client.cpp">
      <Filter>98.Default</Filter>
    </ClCompile>
    <ClCompile Include="MainApp.cpp">
      <Filter>00.MainApp</Filter>
    </ClCompile>
    <ClCompile Include="..\Private\Level_Logo.cpp">
      <Filter>01.Levels\01. Logo</Filter>
    </ClCompile>
    <ClCompile Include="..\private\Level_Loading.cpp">
      <Filter>01.Levels\00. Loading</Filter>
    </ClCompile>
    <ClCompile Include="..\private\Loader.cpp">
      <Filter>01.Levels\00. Loading\Loader</Filter>
    </ClCompile>
    <ClCompile Include="..\Private\BackGround.cpp">
      <Filter>02.GameObjects\Map\BackGround</Filter>
    </ClCompile>
    <ClCompile Include="..\private\Terrain.cpp">
      <Filter>02.GameObjects\Map\Terrain</Filter>
    </ClCompile>
    <ClCompile Include="..\private\Dynamic_Camera.cpp">
      <Filter>02.GameObjects\Camera\DynamicCamera</Filter>
    </ClCompile>
    <ClCompile Include="..\private\MyCube.cpp">
      <Filter>02.GameObjects\Statue\Mycube</Filter>
    </ClCompile>
    <ClCompile Include="..\private\UI_Camera.cpp">
      <Filter>02.GameObjects\Camera\UI_Camera</Filter>
    </ClCompile>
    <ClCompile Include="..\private\UI.cpp">
      <Filter>02.GameObjects\UI</Filter>
    </ClCompile>
    <ClCompile Include="..\private\Statue.cpp">
      <Filter>02.GameObjects\Statue</Filter>
    </ClCompile>
    <ClCompile Include="..\private\Portrait.cpp">
      <Filter>02.GameObjects\UI\GamePlayUI\Portrait</Filter>
    </ClCompile>
    <ClCompile Include="..\private\Effect.cpp">
      <Filter>02.GameObjects\Effect</Filter>
    </ClCompile>
    <ClCompile Include="..\private\Pawn.cpp">
      <Filter>02.GameObjects\Pawn</Filter>
    </ClCompile>
    <ClCompile Include="..\private\Monster.cpp">
      <Filter>02.GameObjects\Monster</Filter>
    </ClCompile>
    <ClCompile Include="..\private\Item.cpp">
      <Filter>02.GameObjects\Item</Filter>
    </ClCompile>
    <ClCompile Include="..\private\Bullet.cpp">
      <Filter>02.GameObjects\Weapon\Bullet</Filter>
    </ClCompile>
    <ClCompile Include="..\private\Map.cpp">
      <Filter>02.GameObjects\Map</Filter>
    </ClCompile>
    <ClCompile Include="..\private\Trapezoid.cpp">
      <Filter>02.GameObjects\Statue\Trapezoid</Filter>
    </ClCompile>
    <ClCompile Include="..\private\Font.cpp">
      <Filter>02.GameObjects\UI\Font</Filter>
    </ClCompile>
    <ClCompile Include="..\private\Font_MediumBlue.cpp">
      <Filter>02.GameObjects\UI\Font\Font_MediumBlue</Filter>
    </ClCompile>
    <ClCompile Include="..\private\Aim.cpp">
      <Filter>02.GameObjects\UI\GamePlayUI\Aim</Filter>
    </ClCompile>
    <ClCompile Include="..\private\Armor.cpp">
      <Filter>02.GameObjects\UI\GamePlayUI\Armor</Filter>
    </ClCompile>
    <ClCompile Include="..\private\Ammo.cpp">
      <Filter>02.GameObjects\UI\GamePlayUI\Ammo</Filter>
    </ClCompile>
    <ClCompile Include="..\private\Common_Shape.cpp">
      <Filter>02.GameObjects\Statue\Common_Shape</Filter>
    </ClCompile>
    <ClCompile Include="..\private\Cabinet.cpp">
      <Filter>02.GameObjects\Statue\Cabinet</Filter>
    </ClCompile>
    <ClCompile Include="..\private\DebugMode.cpp">
      <Filter>02.GameObjects\__DebugMode</Filter>
    </ClCompile>
    <ClCompile Include="..\private\Player.cpp">
      <Filter>02.GameObjects\Pawn\Player</Filter>
    </ClCompile>
    <ClCompile Include="..\private\Level_GamePlay.cpp">
      <Filter>01.Levels\99. GamePlay</Filter>
    </ClCompile>
    <ClCompile Include="..\private\Button.cpp">
      <Filter>02.GameObjects\UI\Button</Filter>
    </ClCompile>
    <ClCompile Include="..\private\PSystem.cpp">
      <Filter>02.GameObjects\Particle\System</Filter>
    </ClCompile>
    <ClCompile Include="..\private\Particle_Define.cpp">
      <Filter>02.GameObjects\Particle\Define</Filter>
    </ClCompile>
    <ClCompile Include="..\private\Firework.cpp">
      <Filter>02.GameObjects\Particle\Firework</Filter>
    </ClCompile>
    <ClCompile Include="..\private\EmptyBullet.cpp">
      <Filter>02.GameObjects\Particle\EmtyBullet</Filter>
    </ClCompile>
    <ClCompile Include="..\private\Rain.cpp">
      <Filter>02.GameObjects\Particle\Rain</Filter>
    </ClCompile>
    <ClCompile Include="..\private\UI_Manager.cpp">
      <Filter>02.GameObjects\UI\Manager</Filter>
    </ClCompile>
    <ClCompile Include="..\private\MainMenu.cpp">
      <Filter>02.GameObjects\UI\MenuUI\MainMenu</Filter>
    </ClCompile>
    <ClCompile Include="..\private\Font_TinyBlue.cpp">
      <Filter>02.GameObjects\UI\Font\Font_TinyBlue</Filter>
    </ClCompile>
    <ClCompile Include="..\private\Font_BigSilver.cpp">
      <Filter>02.GameObjects\UI\Font\Font_BigSilver</Filter>
    </ClCompile>
    <ClCompile Include="..\private\Font_BigOrange.cpp">
      <Filter>02.GameObjects\UI\Font\Font_BigOrange</Filter>
    </ClCompile>
    <ClCompile Include="..\private\Logo.cpp">
      <Filter>02.GameObjects\UI\MenuUI\MainMenu</Filter>
    </ClCompile>
    <ClCompile Include="..\private\LoadingMenu.cpp">
      <Filter>02.GameObjects\UI\MenuUI\LoadingMenu</Filter>
    </ClCompile>
    <ClCompile Include="..\private\Smoke.cpp">
      <Filter>02.GameObjects\Particle\Smoke</Filter>
    </ClCompile>
    <ClCompile Include="..\private\Sprite.cpp">
      <Filter>02.GameObjects\Effect\Sprite</Filter>
    </ClCompile>
    <ClCompile Include="..\private\Tornado.cpp">
      <Filter>02.GameObjects\Particle\Tornado</Filter>
    </ClCompile>
    <ClCompile Include="..\private\CameraSprite.cpp">
      <Filter>02.GameObjects\Effect\CameraSprite</Filter>
    </ClCompile>
    <ClCompile Include="..\private\FPS_Camera.cpp">
      <Filter>02.GameObjects\Camera\FPSCamera</Filter>
    </ClCompile>
    <ClCompile Include="..\private\CameraManager.cpp">
      <Filter>02.GameObjects\Camera\Manager</Filter>
    </ClCompile>
    <ClCompile Include="..\private\Item_Ammo.cpp">
      <Filter>02.GameObjects\Item\Item_Ammo</Filter>
    </ClCompile>
    <ClCompile Include="..\private\Signboard.cpp">
      <Filter>02.GameObjects\Statue\Signboard</Filter>
    </ClCompile>
    <ClCompile Include="..\private\Stall.cpp">
      <Filter>02.GameObjects\Statue\Stall</Filter>
    </ClCompile>
    <ClCompile Include="..\private\MyComputer.cpp">
      <Filter>02.GameObjects\Statue\MyComputer</Filter>
    </ClCompile>
    <ClCompile Include="..\private\TestBullet.cpp">
      <Filter>02.GameObjects\Weapon\Bullet\TestBullet</Filter>
    </ClCompile>
    <ClCompile Include="..\private\Ttakkeun_i.cpp">
      <Filter>02.GameObjects\Monster\Ttakkeun_i</Filter>
    </ClCompile>
    <ClCompile Include="..\private\Weapon.cpp">
      <Filter>02.GameObjects\Weapon</Filter>
    </ClCompile>
    <ClCompile Include="..\private\Weapon_Chaingun.cpp">
      <Filter>02.GameObjects\Weapon\Chaingun</Filter>
    </ClCompile>
    <ClCompile Include="..\private\Weapon_LoverBoy.cpp">
      <Filter>02.GameObjects\Weapon\LoverBoy</Filter>
    </ClCompile>
    <ClCompile Include="..\private\Level_Indoor.cpp">
      <Filter>01.Levels\02. Indoor</Filter>
    </ClCompile>
    <ClCompile Include="..\private\Block.cpp">
      <Filter>02.GameObjects\Map\Block</Filter>
    </ClCompile>
    <ClCompile Include="..\Imgui\imgui.cpp">
      <Filter>100.Imgui</Filter>
    </ClCompile>
    <ClCompile Include="..\Imgui\imgui_demo.cpp">
      <Filter>100.Imgui</Filter>
    </ClCompile>
    <ClCompile Include="..\Imgui\imgui_draw.cpp">
      <Filter>100.Imgui</Filter>
    </ClCompile>
    <ClCompile Include="..\Imgui\imgui_impl_dx9.cpp">
      <Filter>100.Imgui</Filter>
    </ClCompile>
    <ClCompile Include="..\Imgui\imgui_impl_win32.cpp">
      <Filter>100.Imgui</Filter>
    </ClCompile>
    <ClCompile Include="..\Imgui\imgui_tables.cpp">
      <Filter>100.Imgui</Filter>
    </ClCompile>
    <ClCompile Include="..\Imgui\imgui_widgets.cpp">
      <Filter>100.Imgui</Filter>
    </ClCompile>
    <ClCompile Include="..\private\Sphere.cpp">
      <Filter>02.GameObjects\Particle\Sphere</Filter>
    </ClCompile>
    <ClCompile Include="..\private\Dust.cpp">
      <Filter>02.GameObjects\Particle\Dust</Filter>
    </ClCompile>
    <ClCompile Include="..\private\FadeUI.cpp">
      <Filter>02.GameObjects\UI\MenuUI</Filter>
    </ClCompile>
    <ClCompile Include="..\private\Button_Main.cpp">
      <Filter>02.GameObjects\UI\Button</Filter>
    </ClCompile>
    <ClCompile Include="..\private\Canopy.cpp">
      <Filter>02.GameObjects\Statue\Canopy</Filter>
    </ClCompile>
    <ClCompile Include="..\private\ScreenDust.cpp">
      <Filter>02.GameObjects\UI\MenuUI\MainMenu</Filter>
    </ClCompile>
    <ClCompile Include="..\private\Flatform.cpp">
      <Filter>02.GameObjects\Effect\Flatform</Filter>
    </ClCompile>
    <ClCompile Include="..\private\Archangel.cpp">
      <Filter>02.GameObjects\Monster\Archangel</Filter>
    </ClCompile>
    <ClCompile Include="..\private\Cultist.cpp">
      <Filter>02.GameObjects\Monster\Cultist</Filter>
    </ClCompile>
    <ClCompile Include="..\private\Deacon.cpp">
      <Filter>02.GameObjects\Monster\Deacon</Filter>
    </ClCompile>
    <ClCompile Include="..\private\Greater.cpp">
      <Filter>02.GameObjects\Monster\Greater</Filter>
    </ClCompile>
    <ClCompile Include="..\private\Mechsect.cpp">
      <Filter>02.GameObjects\Monster\Mechsect</Filter>
    </ClCompile>
    <ClCompile Include="..\private\Nukemutant.cpp">
      <Filter>02.GameObjects\Monster\Nukemutant</Filter>
    </ClCompile>
    <ClCompile Include="..\private\Shotgunner.cpp">
      <Filter>02.GameObjects\Monster\Shotgunner</Filter>
    </ClCompile>
    <ClCompile Include="..\private\Wenteko.cpp">
      <Filter>02.GameObjects\Monster\Wenteko</Filter>
    </ClCompile>
    <ClCompile Include="..\private\FXMgr.cpp">
      <Filter>02.GameObjects\Particle</Filter>
    </ClCompile>
    <ClCompile Include="..\private\RaceTerrain.cpp">
      <Filter>02.GameObjects\Map\Race</Filter>
    </ClCompile>
    <ClCompile Include="..\private\RaceLandscape.cpp">
      <Filter>02.GameObjects\Statue\RaceLandscape</Filter>
    </ClCompile>
    <ClCompile Include="..\private\Blood.cpp">
      <Filter>02.GameObjects\Particle\Blood</Filter>
    </ClCompile>
    <ClCompile Include="..\private\BulletImpactSpark.cpp">
      <Filter>02.GameObjects\Particle\BulletImpactSpark</Filter>
    </ClCompile>
    <ClCompile Include="..\private\Weapon_Dispenser.cpp">
      <Filter>02.GameObjects\Weapon\Dispenser</Filter>
    </ClCompile>
    <ClCompile Include="..\private\PlayerOnBoat.cpp">
      <Filter>02.GameObjects\Pawn\PlayerOnBoat</Filter>
    </ClCompile>
    <ClCompile Include="..\private\BuildingH.cpp">
      <Filter>02.GameObjects\Statue\BuildingH</Filter>
    </ClCompile>
    <ClCompile Include="..\private\DebugDraw.cpp">
      <Filter>02.GameObjects\Monster\_Debug</Filter>
    </ClCompile>
    <ClCompile Include="..\private\LevelLoadingMenu.cpp">
      <Filter>02.GameObjects\UI\MenuUI\LevelLoadingMenu</Filter>
    </ClCompile>
    <ClCompile Include="..\private\BuildingW.cpp">
      <Filter>02.GameObjects\Statue\BuildingW</Filter>
    </ClCompile>
    <ClCompile Include="..\private\BuildingV.cpp">
      <Filter>02.GameObjects\Statue\BuildingV</Filter>
    </ClCompile>
    <ClCompile Include="..\private\TriangularPillar.cpp">
      <Filter>02.GameObjects\Map\TriangularPillar</Filter>
    </ClCompile>
    <ClCompile Include="..\private\InvisibleBlock.cpp">
      <Filter>02.GameObjects\Map\InvisibleBlock</Filter>
    </ClCompile>
    <ClCompile Include="..\private\AnimeBlock.cpp">
      <Filter>02.GameObjects\Map\AnimeBlock</Filter>
    </ClCompile>
    <ClCompile Include="..\private\AnimeRect.cpp">
      <Filter>02.GameObjects\Map\AnimeRect</Filter>
    </ClCompile>
    <ClCompile Include="..\private\GrenadeBullet.cpp">
      <Filter>02.GameObjects\Weapon\Bullet\GrenadeBullet</Filter>
    </ClCompile>
    <ClCompile Include="..\private\BuildingU.cpp">
      <Filter>02.GameObjects\Statue\BuildingU</Filter>
    </ClCompile>
    <ClCompile Include="..\private\TPS_Camera.cpp">
      <Filter>02.GameObjects\Camera\TPSCamera</Filter>
    </ClCompile>
    <ClCompile Include="..\private\FireAttack.cpp">
      <Filter>02.GameObjects\Particle\_BossMobSkill\FireAttack</Filter>
    </ClCompile>
    <ClCompile Include="..\private\RaceGate.cpp">
      <Filter>02.GameObjects\Statue\RaceGate</Filter>
    </ClCompile>
    <ClCompile Include="..\private\Sky.cpp">
      <Filter>02.GameObjects\Map\Sky</Filter>
    </ClCompile>
    <ClCompile Include="..\private\Lava.cpp">
      <Filter>02.GameObjects\Map\AnimeRect\Lava</Filter>
    </ClCompile>
    <ClCompile Include="..\private\AlphaBlock.cpp">
      <Filter>02.GameObjects\Map\AlphaBlock</Filter>
    </ClCompile>
    <ClCompile Include="..\private\AlphaRect.cpp">
      <Filter>02.GameObjects\Map\AlphaRect</Filter>
    </ClCompile>
    <ClCompile Include="..\private\MonsterBullet.cpp">
      <Filter>02.GameObjects\Weapon\Bullet\MonsterBullet</Filter>
    </ClCompile>
    <ClCompile Include="..\private\MonsterMissile.cpp">
      <Filter>02.GameObjects\Particle\_BossMobSkill\MonsterMissile</Filter>
    </ClCompile>
    <ClCompile Include="..\private\FlyEffect.cpp">
      <Filter>02.GameObjects\Particle\_BossMobSkill\FlyEffect</Filter>
    </ClCompile>
    <ClCompile Include="..\private\BossBridge.cpp">
      <Filter>02.GameObjects\Map\BossBridge</Filter>
    </ClCompile>
    <ClCompile Include="..\private\JumpAttack.cpp">
      <Filter>02.GameObjects\Particle\_BossMobSkill\JumpAttack</Filter>
    </ClCompile>
    <ClCompile Include="..\private\Trigger.cpp">
      <Filter>02.GameObjects\Map\Trigger</Filter>
    </ClCompile>
    <ClCompile Include="..\private\RaceCylinder.cpp">
      <Filter>02.GameObjects\Statue\RaceCylinder</Filter>
    </ClCompile>
    <ClCompile Include="..\private\StreetLampHead.cpp">
      <Filter>02.GameObjects\Statue\StreetLamp\Head</Filter>
    </ClCompile>
    <ClCompile Include="..\private\Level_Boss.cpp">
      <Filter>01.Levels\05. Boss</Filter>
    </ClCompile>
    <ClCompile Include="..\private\MonsterGuidBullet.cpp">
      <Filter>02.GameObjects\Weapon\Bullet\MonsterGuidBullet</Filter>
    </ClCompile>
    <ClCompile Include="..\private\MonsterNormalBullet.cpp">
      <Filter>02.GameObjects\Weapon\Bullet\MonsterNormalBullet</Filter>
    </ClCompile>
    <ClCompile Include="..\private\Level_RaceFirst.cpp">
      <Filter>01.Levels\04. Race\First</Filter>
    </ClCompile>
    <ClCompile Include="..\private\Level_RaceSecond.cpp">
      <Filter>01.Levels\04. Race\Second</Filter>
    </ClCompile>
    <ClCompile Include="..\private\Level_RaceThird.cpp">
      <Filter>01.Levels\04. Race\Third</Filter>
    </ClCompile>
    <ClCompile Include="..\private\Water.cpp">
      <Filter>02.GameObjects\Map\Water</Filter>
    </ClCompile>
    <ClCompile Include="..\private\Level_OutDoor.cpp">
      <Filter>01.Levels\03. Outdoor</Filter>
    </ClCompile>
    <ClCompile Include="..\private\Interactive_Block.cpp">
      <Filter>02.GameObjects\Map\Interactive_Block</Filter>
    </ClCompile>
    <ClCompile Include="..\private\Forest.cpp">
      <Filter>02.GameObjects\Statue\Forest</Filter>
    </ClCompile>
    <ClCompile Include="..\private\PBState_Accel.cpp">
      <Filter>02.GameObjects\Pawn\PlayerOnBoat\State\Accel</Filter>
    </ClCompile>
    <ClCompile Include="..\private\PBState.cpp">
      <Filter>02.GameObjects\Pawn\PlayerOnBoat\State</Filter>
    </ClCompile>
    <ClCompile Include="..\private\PBState_Decel.cpp">
      <Filter>02.GameObjects\Pawn\PlayerOnBoat\State\Decel</Filter>
    </ClCompile>
    <ClCompile Include="..\private\PBState_Lerp.cpp">
      <Filter>02.GameObjects\Pawn\PlayerOnBoat\State\Lerp</Filter>
    </ClCompile>
    <ClCompile Include="..\private\PBState_Normal.cpp">
      <Filter>02.GameObjects\Pawn\PlayerOnBoat\State\Normal</Filter>
    </ClCompile>
    <ClCompile Include="..\private\Rock.cpp">
      <Filter>02.GameObjects\Statue\Rock</Filter>
    </ClCompile>
    <ClCompile Include="..\private\Ladder.cpp">
      <Filter>02.GameObjects\Map\Ladder</Filter>
    </ClCompile>
    <ClCompile Include="..\private\BulletSmoke.cpp">
      <Filter>02.GameObjects\Particle\BulletSmoke</Filter>
    </ClCompile>
    <ClCompile Include="..\private\BulletMark.cpp">
      <Filter>02.GameObjects\Effect\BulletMark</Filter>
    </ClCompile>
  </ItemGroup>
  <ItemGroup>
    <Text Include="ReadMe.txt" />
  </ItemGroup>
  <ItemGroup>
    <FxCompile Include="..\bin\ShaderFiles\Shader_Particle.hlsl">
      <Filter>97. ShaderFIles</Filter>
    </FxCompile>
  </ItemGroup>
</Project>